
Microsoft Visual Studio Solution File, Format Version 12.00
# Visual Studio Version 17
VisualStudioVersion = 17.0.32112.339
MinimumVisualStudioVersion = 10.0.40219.1
Project("{FAE04EC0-301F-11D3-BF4B-00C04F79EFBC}") = "NetStandardDemo.Android", "NetStandardDemo\NetStandardDemo.Android\NetStandardDemo.Android.csproj", "{E3D8B31F-EB18-404F-8FCD-0DFE7ADBEA04}"
EndProject
Project("{FAE04EC0-301F-11D3-BF4B-00C04F79EFBC}") = "NetStandardDemo.iOS", "NetStandardDemo\NetStandardDemo.iOS\NetStandardDemo.iOS.csproj", "{F921C4E5-7B96-4746-9F12-F5AF357B905E}"
EndProject
Project("{9A19103F-16F7-4668-BE54-9A1E7A4F7556}") = "NetStandardDemo", "NetStandardDemo\NetStandardDemo\NetStandardDemo.csproj", "{4592995D-C701-4B67-9BB4-2538DFBD4C8C}"
EndProject
Project("{FAE04EC0-301F-11D3-BF4B-00C04F79EFBC}") = "NetStandardDemo.UWP", "NetStandardDemo\NetStandardDemo.UWP\NetStandardDemo.UWP.csproj", "{FDA9E2E5-235A-4553-83B8-2EECAA52CCA4}"
EndProject
Global
	GlobalSection(SolutionConfigurationPlatforms) = preSolution
		Debug|Any CPU = Debug|Any CPU
		Debug|ARM = Debug|ARM
		Debug|iPhone = Debug|iPhone
		Debug|iPhoneSimulator = Debug|iPhoneSimulator
		Debug|x64 = Debug|x64
		Debug|x86 = Debug|x86
		Release|Any CPU = Release|Any CPU
		Release|ARM = Release|ARM
		Release|iPhone = Release|iPhone
		Release|iPhoneSimulator = Release|iPhoneSimulator
		Release|x64 = Release|x64
		Release|x86 = Release|x86
	EndGlobalSection
	GlobalSection(ProjectConfigurationPlatforms) = postSolution
		{E3D8B31F-EB18-404F-8FCD-0DFE7ADBEA04}.Debug|Any CPU.ActiveCfg = Debug|Any CPU
		{E3D8B31F-EB18-404F-8FCD-0DFE7ADBEA04}.Debug|Any CPU.Build.0 = Debug|Any CPU
		{E3D8B31F-EB18-404F-8FCD-0DFE7ADBEA04}.Debug|Any CPU.Deploy.0 = Debug|Any CPU
		{E3D8B31F-EB18-404F-8FCD-0DFE7ADBEA04}.Debug|ARM.ActiveCfg = Debug|Any CPU
		{E3D8B31F-EB18-404F-8FCD-0DFE7ADBEA04}.Debug|ARM.Build.0 = Debug|Any CPU
		{E3D8B31F-EB18-404F-8FCD-0DFE7ADBEA04}.Debug|ARM.Deploy.0 = Debug|Any CPU
		{E3D8B31F-EB18-404F-8FCD-0DFE7ADBEA04}.Debug|iPhone.ActiveCfg = Debug|Any CPU
		{E3D8B31F-EB18-404F-8FCD-0DFE7ADBEA04}.Debug|iPhone.Build.0 = Debug|Any CPU
		{E3D8B31F-EB18-404F-8FCD-0DFE7ADBEA04}.Debug|iPhone.Deploy.0 = Debug|Any CPU
		{E3D8B31F-EB18-404F-8FCD-0DFE7ADBEA04}.Debug|iPhoneSimulator.ActiveCfg = Debug|Any CPU
		{E3D8B31F-EB18-404F-8FCD-0DFE7ADBEA04}.Debug|iPhoneSimulator.Build.0 = Debug|Any CPU
		{E3D8B31F-EB18-404F-8FCD-0DFE7ADBEA04}.Debug|iPhoneSimulator.Deploy.0 = Debug|Any CPU
		{E3D8B31F-EB18-404F-8FCD-0DFE7ADBEA04}.Debug|x64.ActiveCfg = Debug|Any CPU
		{E3D8B31F-EB18-404F-8FCD-0DFE7ADBEA04}.Debug|x64.Build.0 = Debug|Any CPU
		{E3D8B31F-EB18-404F-8FCD-0DFE7ADBEA04}.Debug|x64.Deploy.0 = Debug|Any CPU
		{E3D8B31F-EB18-404F-8FCD-0DFE7ADBEA04}.Debug|x86.ActiveCfg = Debug|Any CPU
		{E3D8B31F-EB18-404F-8FCD-0DFE7ADBEA04}.Debug|x86.Build.0 = Debug|Any CPU
		{E3D8B31F-EB18-404F-8FCD-0DFE7ADBEA04}.Debug|x86.Deploy.0 = Debug|Any CPU
		{E3D8B31F-EB18-404F-8FCD-0DFE7ADBEA04}.Release|Any CPU.ActiveCfg = Release|Any CPU
		{E3D8B31F-EB18-404F-8FCD-0DFE7ADBEA04}.Release|Any CPU.Build.0 = Release|Any CPU
		{E3D8B31F-EB18-404F-8FCD-0DFE7ADBEA04}.Release|Any CPU.Deploy.0 = Release|Any CPU
		{E3D8B31F-EB18-404F-8FCD-0DFE7ADBEA04}.Release|ARM.ActiveCfg = Release|Any CPU
		{E3D8B31F-EB18-404F-8FCD-0DFE7ADBEA04}.Release|ARM.Build.0 = Release|Any CPU
		{E3D8B31F-EB18-404F-8FCD-0DFE7ADBEA04}.Release|ARM.Deploy.0 = Release|Any CPU
		{E3D8B31F-EB18-404F-8FCD-0DFE7ADBEA04}.Release|iPhone.ActiveCfg = Release|Any CPU
		{E3D8B31F-EB18-404F-8FCD-0DFE7ADBEA04}.Release|iPhone.Build.0 = Release|Any CPU
		{E3D8B31F-EB18-404F-8FCD-0DFE7ADBEA04}.Release|iPhone.Deploy.0 = Release|Any CPU
		{E3D8B31F-EB18-404F-8FCD-0DFE7ADBEA04}.Release|iPhoneSimulator.ActiveCfg = Release|Any CPU
		{E3D8B31F-EB18-404F-8FCD-0DFE7ADBEA04}.Release|iPhoneSimulator.Build.0 = Release|Any CPU
		{E3D8B31F-EB18-404F-8FCD-0DFE7ADBEA04}.Release|iPhoneSimulator.Deploy.0 = Release|Any CPU
		{E3D8B31F-EB18-404F-8FCD-0DFE7ADBEA04}.Release|x64.ActiveCfg = Release|Any CPU
		{E3D8B31F-EB18-404F-8FCD-0DFE7ADBEA04}.Release|x64.Build.0 = Release|Any CPU
		{E3D8B31F-EB18-404F-8FCD-0DFE7ADBEA04}.Release|x64.Deploy.0 = Release|Any CPU
		{E3D8B31F-EB18-404F-8FCD-0DFE7ADBEA04}.Release|x86.ActiveCfg = Release|Any CPU
		{E3D8B31F-EB18-404F-8FCD-0DFE7ADBEA04}.Release|x86.Build.0 = Release|Any CPU
		{E3D8B31F-EB18-404F-8FCD-0DFE7ADBEA04}.Release|x86.Deploy.0 = Release|Any CPU
		{F921C4E5-7B96-4746-9F12-F5AF357B905E}.Debug|Any CPU.ActiveCfg = Debug|iPhone
		{F921C4E5-7B96-4746-9F12-F5AF357B905E}.Debug|Any CPU.Build.0 = Debug|iPhone
		{F921C4E5-7B96-4746-9F12-F5AF357B905E}.Debug|Any CPU.Deploy.0 = Debug|iPhone
		{F921C4E5-7B96-4746-9F12-F5AF357B905E}.Debug|ARM.ActiveCfg = Debug|iPhoneSimulator
		{F921C4E5-7B96-4746-9F12-F5AF357B905E}.Debug|ARM.Build.0 = Debug|iPhoneSimulator
		{F921C4E5-7B96-4746-9F12-F5AF357B905E}.Debug|iPhone.ActiveCfg = Debug|iPhone
		{F921C4E5-7B96-4746-9F12-F5AF357B905E}.Debug|iPhone.Build.0 = Debug|iPhone
		{F921C4E5-7B96-4746-9F12-F5AF357B905E}.Debug|iPhone.Deploy.0 = Debug|iPhone
		{F921C4E5-7B96-4746-9F12-F5AF357B905E}.Debug|iPhoneSimulator.ActiveCfg = Debug|iPhoneSimulator
		{F921C4E5-7B96-4746-9F12-F5AF357B905E}.Debug|iPhoneSimulator.Build.0 = Debug|iPhoneSimulator
		{F921C4E5-7B96-4746-9F12-F5AF357B905E}.Debug|iPhoneSimulator.Deploy.0 = Debug|iPhoneSimulator
		{F921C4E5-7B96-4746-9F12-F5AF357B905E}.Debug|x64.ActiveCfg = Debug|iPhoneSimulator
		{F921C4E5-7B96-4746-9F12-F5AF357B905E}.Debug|x64.Build.0 = Debug|iPhoneSimulator
		{F921C4E5-7B96-4746-9F12-F5AF357B905E}.Debug|x86.ActiveCfg = Debug|iPhoneSimulator
		{F921C4E5-7B96-4746-9F12-F5AF357B905E}.Debug|x86.Build.0 = Debug|iPhoneSimulator
		{F921C4E5-7B96-4746-9F12-F5AF357B905E}.Release|Any CPU.ActiveCfg = Release|iPhoneSimulator
		{F921C4E5-7B96-4746-9F12-F5AF357B905E}.Release|Any CPU.Build.0 = Release|iPhoneSimulator
		{F921C4E5-7B96-4746-9F12-F5AF357B905E}.Release|Any CPU.Deploy.0 = Release|iPhoneSimulator
		{F921C4E5-7B96-4746-9F12-F5AF357B905E}.Release|ARM.ActiveCfg = Release|iPhone
		{F921C4E5-7B96-4746-9F12-F5AF357B905E}.Release|ARM.Build.0 = Release|iPhone
		{F921C4E5-7B96-4746-9F12-F5AF357B905E}.Release|iPhone.ActiveCfg = Release|iPhone
		{F921C4E5-7B96-4746-9F12-F5AF357B905E}.Release|iPhone.Build.0 = Release|iPhone
		{F921C4E5-7B96-4746-9F12-F5AF357B905E}.Release|iPhone.Deploy.0 = Release|iPhone
		{F921C4E5-7B96-4746-9F12-F5AF357B905E}.Release|iPhoneSimulator.ActiveCfg = Release|iPhoneSimulator
		{F921C4E5-7B96-4746-9F12-F5AF357B905E}.Release|iPhoneSimulator.Build.0 = Release|iPhoneSimulator
		{F921C4E5-7B96-4746-9F12-F5AF357B905E}.Release|iPhoneSimulator.Deploy.0 = Release|iPhoneSimulator
		{F921C4E5-7B96-4746-9F12-F5AF357B905E}.Release|x64.ActiveCfg = Release|iPhone
		{F921C4E5-7B96-4746-9F12-F5AF357B905E}.Release|x64.Build.0 = Release|iPhone
		{F921C4E5-7B96-4746-9F12-F5AF357B905E}.Release|x86.ActiveCfg = Release|iPhone
		{F921C4E5-7B96-4746-9F12-F5AF357B905E}.Release|x86.Build.0 = Release|iPhone
		{4592995D-C701-4B67-9BB4-2538DFBD4C8C}.Debug|Any CPU.ActiveCfg = Debug|Any CPU
		{4592995D-C701-4B67-9BB4-2538DFBD4C8C}.Debug|Any CPU.Build.0 = Debug|Any CPU
		{4592995D-C701-4B67-9BB4-2538DFBD4C8C}.Debug|Any CPU.Deploy.0 = Debug|Any CPU
		{4592995D-C701-4B67-9BB4-2538DFBD4C8C}.Debug|ARM.ActiveCfg = Debug|Any CPU
		{4592995D-C701-4B67-9BB4-2538DFBD4C8C}.Debug|ARM.Build.0 = Debug|Any CPU
		{4592995D-C701-4B67-9BB4-2538DFBD4C8C}.Debug|iPhone.ActiveCfg = Debug|Any CPU
		{4592995D-C701-4B67-9BB4-2538DFBD4C8C}.Debug|iPhone.Build.0 = Debug|Any CPU
		{4592995D-C701-4B67-9BB4-2538DFBD4C8C}.Debug|iPhone.Deploy.0 = Debug|Any CPU
		{4592995D-C701-4B67-9BB4-2538DFBD4C8C}.Debug|iPhoneSimulator.ActiveCfg = Debug|Any CPU
		{4592995D-C701-4B67-9BB4-2538DFBD4C8C}.Debug|iPhoneSimulator.Build.0 = Debug|Any CPU
		{4592995D-C701-4B67-9BB4-2538DFBD4C8C}.Debug|iPhoneSimulator.Deploy.0 = Debug|Any CPU
		{4592995D-C701-4B67-9BB4-2538DFBD4C8C}.Debug|x64.ActiveCfg = Debug|Any CPU
		{4592995D-C701-4B67-9BB4-2538DFBD4C8C}.Debug|x64.Build.0 = Debug|Any CPU
		{4592995D-C701-4B67-9BB4-2538DFBD4C8C}.Debug|x86.ActiveCfg = Debug|Any CPU
		{4592995D-C701-4B67-9BB4-2538DFBD4C8C}.Debug|x86.Build.0 = Debug|Any CPU
		{4592995D-C701-4B67-9BB4-2538DFBD4C8C}.Release|Any CPU.ActiveCfg = Release|Any CPU
		{4592995D-C701-4B67-9BB4-2538DFBD4C8C}.Release|Any CPU.Build.0 = Release|Any CPU
		{4592995D-C701-4B67-9BB4-2538DFBD4C8C}.Release|Any CPU.Deploy.0 = Release|Any CPU
		{4592995D-C701-4B67-9BB4-2538DFBD4C8C}.Release|ARM.ActiveCfg = Release|Any CPU
		{4592995D-C701-4B67-9BB4-2538DFBD4C8C}.Release|ARM.Build.0 = Release|Any CPU
		{4592995D-C701-4B67-9BB4-2538DFBD4C8C}.Release|iPhone.ActiveCfg = Release|Any CPU
		{4592995D-C701-4B67-9BB4-2538DFBD4C8C}.Release|iPhone.Build.0 = Release|Any CPU
		{4592995D-C701-4B67-9BB4-2538DFBD4C8C}.Release|iPhone.Deploy.0 = Release|Any CPU
		{4592995D-C701-4B67-9BB4-2538DFBD4C8C}.Release|iPhoneSimulator.ActiveCfg = Release|Any CPU
		{4592995D-C701-4B67-9BB4-2538DFBD4C8C}.Release|iPhoneSimulator.Build.0 = Release|Any CPU
		{4592995D-C701-4B67-9BB4-2538DFBD4C8C}.Release|iPhoneSimulator.Deploy.0 = Release|Any CPU
		{4592995D-C701-4B67-9BB4-2538DFBD4C8C}.Release|x64.ActiveCfg = Release|Any CPU
		{4592995D-C701-4B67-9BB4-2538DFBD4C8C}.Release|x64.Build.0 = Release|Any CPU
		{4592995D-C701-4B67-9BB4-2538DFBD4C8C}.Release|x86.ActiveCfg = Release|Any CPU
		{4592995D-C701-4B67-9BB4-2538DFBD4C8C}.Release|x86.Build.0 = Release|Any CPU
		{FDA9E2E5-235A-4553-83B8-2EECAA52CCA4}.Debug|Any CPU.ActiveCfg = Debug|x64
		{FDA9E2E5-235A-4553-83B8-2EECAA52CCA4}.Debug|Any CPU.Build.0 = Debug|x64
		{FDA9E2E5-235A-4553-83B8-2EECAA52CCA4}.Debug|Any CPU.Deploy.0 = Debug|x64
		{FDA9E2E5-235A-4553-83B8-2EECAA52CCA4}.Debug|ARM.ActiveCfg = Debug|ARM
		{FDA9E2E5-235A-4553-83B8-2EECAA52CCA4}.Debug|ARM.Build.0 = Debug|ARM
		{FDA9E2E5-235A-4553-83B8-2EECAA52CCA4}.Debug|ARM.Deploy.0 = Debug|ARM
		{FDA9E2E5-235A-4553-83B8-2EECAA52CCA4}.Debug|iPhone.ActiveCfg = Debug|x64
		{FDA9E2E5-235A-4553-83B8-2EECAA52CCA4}.Debug|iPhone.Build.0 = Debug|x64
		{FDA9E2E5-235A-4553-83B8-2EECAA52CCA4}.Debug|iPhone.Deploy.0 = Debug|x64
		{FDA9E2E5-235A-4553-83B8-2EECAA52CCA4}.Debug|iPhoneSimulator.ActiveCfg = Debug|x64
		{FDA9E2E5-235A-4553-83B8-2EECAA52CCA4}.Debug|iPhoneSimulator.Build.0 = Debug|x64
		{FDA9E2E5-235A-4553-83B8-2EECAA52CCA4}.Debug|iPhoneSimulator.Deploy.0 = Debug|x64
		{FDA9E2E5-235A-4553-83B8-2EECAA52CCA4}.Debug|x64.ActiveCfg = Debug|x64
		{FDA9E2E5-235A-4553-83B8-2EECAA52CCA4}.Debug|x64.Build.0 = Debug|x64
		{FDA9E2E5-235A-4553-83B8-2EECAA52CCA4}.Debug|x64.Deploy.0 = Debug|x64
		{FDA9E2E5-235A-4553-83B8-2EECAA52CCA4}.Debug|x86.ActiveCfg = Debug|x86
		{FDA9E2E5-235A-4553-83B8-2EECAA52CCA4}.Debug|x86.Build.0 = Debug|x86
		{FDA9E2E5-235A-4553-83B8-2EECAA52CCA4}.Debug|x86.Deploy.0 = Debug|x86
		{FDA9E2E5-235A-4553-83B8-2EECAA52CCA4}.Release|Any CPU.ActiveCfg = Release|x64
		{FDA9E2E5-235A-4553-83B8-2EECAA52CCA4}.Release|Any CPU.Build.0 = Release|x64
		{FDA9E2E5-235A-4553-83B8-2EECAA52CCA4}.Release|Any CPU.Deploy.0 = Release|x64
		{FDA9E2E5-235A-4553-83B8-2EECAA52CCA4}.Release|ARM.ActiveCfg = Release|ARM
		{FDA9E2E5-235A-4553-83B8-2EECAA52CCA4}.Release|ARM.Build.0 = Release|ARM
		{FDA9E2E5-235A-4553-83B8-2EECAA52CCA4}.Release|ARM.Deploy.0 = Release|ARM
		{FDA9E2E5-235A-4553-83B8-2EECAA52CCA4}.Release|iPhone.ActiveCfg = Release|x64
		{FDA9E2E5-235A-4553-83B8-2EECAA52CCA4}.Release|iPhone.Build.0 = Release|x64
		{FDA9E2E5-235A-4553-83B8-2EECAA52CCA4}.Release|iPhone.Deploy.0 = Release|x64
		{FDA9E2E5-235A-4553-83B8-2EECAA52CCA4}.Release|iPhoneSimulator.ActiveCfg = Release|x64
		{FDA9E2E5-235A-4553-83B8-2EECAA52CCA4}.Release|iPhoneSimulator.Build.0 = Release|x64
		{FDA9E2E5-235A-4553-83B8-2EECAA52CCA4}.Release|iPhoneSimulator.Deploy.0 = Release|x64
		{FDA9E2E5-235A-4553-83B8-2EECAA52CCA4}.Release|x64.ActiveCfg = Release|x64
		{FDA9E2E5-235A-4553-83B8-2EECAA52CCA4}.Release|x64.Build.0 = Release|x64
		{FDA9E2E5-235A-4553-83B8-2EECAA52CCA4}.Release|x64.Deploy.0 = Release|x64
		{FDA9E2E5-235A-4553-83B8-2EECAA52CCA4}.Release|x86.ActiveCfg = Release|x86
		{FDA9E2E5-235A-4553-83B8-2EECAA52CCA4}.Release|x86.Build.0 = Release|x86
		{FDA9E2E5-235A-4553-83B8-2EECAA52CCA4}.Release|x86.Deploy.0 = Release|x86
	EndGlobalSection
	GlobalSection(SolutionProperties) = preSolution
		HideSolutionNode = FALSE
	EndGlobalSection
	GlobalSection(ExtensibilityGlobals) = postSolution
		SolutionGuid = {9BCCCF6F-C7CF-4EB2-9119-D56BD223517C}
	EndGlobalSection
EndGlobal
