
Microsoft Visual Studio Solution File, Format Version 12.00
# Visual Studio Version 16
VisualStudioVersion = 16.0.31129.286
MinimumVisualStudioVersion = 10.0.40219.1
Project("{FAE04EC0-301F-11D3-BF4B-00C04F79EFBC}") = "TabsSample.Android", "TabsSample\TabsSample.Android\TabsSample.Android.csproj", "{804D18AC-58A6-4F5D-9A3F-BFC66D036160}"
EndProject
Project("{FAE04EC0-301F-11D3-BF4B-00C04F79EFBC}") = "TabsSample.iOS", "TabsSample\TabsSample.iOS\TabsSample.iOS.csproj", "{45DF097C-4795-4712-AE3F-A443C8367507}"
EndProject
Project("{FAE04EC0-301F-11D3-BF4B-00C04F79EFBC}") = "TabsSample", "TabsSample\TabsSample\TabsSample.csproj", "{68384286-C451-4450-B304-71009348D0D5}"
EndProject
Global
	GlobalSection(SolutionConfigurationPlatforms) = preSolution
		Debug|Any CPU = Debug|Any CPU
		Debug|iPhone = Debug|iPhone
		Debug|iPhoneSimulator = Debug|iPhoneSimulator
		Release|Any CPU = Release|Any CPU
		Release|iPhone = Release|iPhone
		Release|iPhoneSimulator = Release|iPhoneSimulator
	EndGlobalSection
	GlobalSection(ProjectConfigurationPlatforms) = postSolution
		{804D18AC-58A6-4F5D-9A3F-BFC66D036160}.Debug|Any CPU.ActiveCfg = Debug|Any CPU
		{804D18AC-58A6-4F5D-9A3F-BFC66D036160}.Debug|Any CPU.Build.0 = Debug|Any CPU
		{804D18AC-58A6-4F5D-9A3F-BFC66D036160}.Debug|Any CPU.Deploy.0 = Debug|Any CPU
		{804D18AC-58A6-4F5D-9A3F-BFC66D036160}.Debug|iPhone.ActiveCfg = Debug|Any CPU
		{804D18AC-58A6-4F5D-9A3F-BFC66D036160}.Debug|iPhone.Build.0 = Debug|Any CPU
		{804D18AC-58A6-4F5D-9A3F-BFC66D036160}.Debug|iPhone.Deploy.0 = Debug|Any CPU
		{804D18AC-58A6-4F5D-9A3F-BFC66D036160}.Debug|iPhoneSimulator.ActiveCfg = Debug|Any CPU
		{804D18AC-58A6-4F5D-9A3F-BFC66D036160}.Debug|iPhoneSimulator.Build.0 = Debug|Any CPU
		{804D18AC-58A6-4F5D-9A3F-BFC66D036160}.Debug|iPhoneSimulator.Deploy.0 = Debug|Any CPU
		{804D18AC-58A6-4F5D-9A3F-BFC66D036160}.Release|Any CPU.ActiveCfg = Release|Any CPU
		{804D18AC-58A6-4F5D-9A3F-BFC66D036160}.Release|Any CPU.Build.0 = Release|Any CPU
		{804D18AC-58A6-4F5D-9A3F-BFC66D036160}.Release|Any CPU.Deploy.0 = Release|Any CPU
		{804D18AC-58A6-4F5D-9A3F-BFC66D036160}.Release|iPhone.ActiveCfg = Release|Any CPU
		{804D18AC-58A6-4F5D-9A3F-BFC66D036160}.Release|iPhone.Build.0 = Release|Any CPU
		{804D18AC-58A6-4F5D-9A3F-BFC66D036160}.Release|iPhone.Deploy.0 = Release|Any CPU
		{804D18AC-58A6-4F5D-9A3F-BFC66D036160}.Release|iPhoneSimulator.ActiveCfg = Release|Any CPU
		{804D18AC-58A6-4F5D-9A3F-BFC66D036160}.Release|iPhoneSimulator.Build.0 = Release|Any CPU
		{804D18AC-58A6-4F5D-9A3F-BFC66D036160}.Release|iPhoneSimulator.Deploy.0 = Release|Any CPU
		{45DF097C-4795-4712-AE3F-A443C8367507}.Debug|Any CPU.ActiveCfg = Debug|iPhone
		{45DF097C-4795-4712-AE3F-A443C8367507}.Debug|Any CPU.Build.0 = Debug|iPhone
		{45DF097C-4795-4712-AE3F-A443C8367507}.Debug|Any CPU.Deploy.0 = Debug|iPhone
		{45DF097C-4795-4712-AE3F-A443C8367507}.Debug|iPhone.ActiveCfg = Debug|iPhone
		{45DF097C-4795-4712-AE3F-A443C8367507}.Debug|iPhone.Build.0 = Debug|iPhone
		{45DF097C-4795-4712-AE3F-A443C8367507}.Debug|iPhone.Deploy.0 = Debug|iPhone
		{45DF097C-4795-4712-AE3F-A443C8367507}.Debug|iPhoneSimulator.ActiveCfg = Debug|iPhoneSimulator
		{45DF097C-4795-4712-AE3F-A443C8367507}.Debug|iPhoneSimulator.Build.0 = Debug|iPhoneSimulator
		{45DF097C-4795-4712-AE3F-A443C8367507}.Debug|iPhoneSimulator.Deploy.0 = Debug|iPhoneSimulator
		{45DF097C-4795-4712-AE3F-A443C8367507}.Release|Any CPU.ActiveCfg = Release|iPhoneSimulator
		{45DF097C-4795-4712-AE3F-A443C8367507}.Release|Any CPU.Build.0 = Release|iPhoneSimulator
		{45DF097C-4795-4712-AE3F-A443C8367507}.Release|Any CPU.Deploy.0 = Release|iPhoneSimulator
		{45DF097C-4795-4712-AE3F-A443C8367507}.Release|iPhone.ActiveCfg = Release|iPhone
		{45DF097C-4795-4712-AE3F-A443C8367507}.Release|iPhone.Build.0 = Release|iPhone
		{45DF097C-4795-4712-AE3F-A443C8367507}.Release|iPhone.Deploy.0 = Release|iPhone
		{45DF097C-4795-4712-AE3F-A443C8367507}.Release|iPhoneSimulator.ActiveCfg = Release|iPhoneSimulator
		{45DF097C-4795-4712-AE3F-A443C8367507}.Release|iPhoneSimulator.Build.0 = Release|iPhoneSimulator
		{45DF097C-4795-4712-AE3F-A443C8367507}.Release|iPhoneSimulator.Deploy.0 = Release|iPhoneSimulator
		{68384286-C451-4450-B304-71009348D0D5}.Debug|Any CPU.ActiveCfg = Debug|Any CPU
		{68384286-C451-4450-B304-71009348D0D5}.Debug|Any CPU.Build.0 = Debug|Any CPU
		{68384286-C451-4450-B304-71009348D0D5}.Debug|Any CPU.Deploy.0 = Debug|Any CPU
		{68384286-C451-4450-B304-71009348D0D5}.Debug|iPhone.ActiveCfg = Debug|Any CPU
		{68384286-C451-4450-B304-71009348D0D5}.Debug|iPhone.Build.0 = Debug|Any CPU
		{68384286-C451-4450-B304-71009348D0D5}.Debug|iPhone.Deploy.0 = Debug|Any CPU
		{68384286-C451-4450-B304-71009348D0D5}.Debug|iPhoneSimulator.ActiveCfg = Debug|Any CPU
		{68384286-C451-4450-B304-71009348D0D5}.Debug|iPhoneSimulator.Build.0 = Debug|Any CPU
		{68384286-C451-4450-B304-71009348D0D5}.Debug|iPhoneSimulator.Deploy.0 = Debug|Any CPU
		{68384286-C451-4450-B304-71009348D0D5}.Release|Any CPU.ActiveCfg = Release|Any CPU
		{68384286-C451-4450-B304-71009348D0D5}.Release|Any CPU.Build.0 = Release|Any CPU
		{68384286-C451-4450-B304-71009348D0D5}.Release|Any CPU.Deploy.0 = Release|Any CPU
		{68384286-C451-4450-B304-71009348D0D5}.Release|iPhone.ActiveCfg = Release|Any CPU
		{68384286-C451-4450-B304-71009348D0D5}.Release|iPhone.Build.0 = Release|Any CPU
		{68384286-C451-4450-B304-71009348D0D5}.Release|iPhone.Deploy.0 = Release|Any CPU
		{68384286-C451-4450-B304-71009348D0D5}.Release|iPhoneSimulator.ActiveCfg = Release|Any CPU
		{68384286-C451-4450-B304-71009348D0D5}.Release|iPhoneSimulator.Build.0 = Release|Any CPU
		{68384286-C451-4450-B304-71009348D0D5}.Release|iPhoneSimulator.Deploy.0 = Release|Any CPU
	EndGlobalSection
	GlobalSection(SolutionProperties) = preSolution
		HideSolutionNode = FALSE
	EndGlobalSection
	GlobalSection(ExtensibilityGlobals) = postSolution
		SolutionGuid = {413E459A-1B0D-4E22-9B81-E55B2C6E6FAB}
	EndGlobalSection
EndGlobal
