
Microsoft Visual Studio Solution File, Format Version 12.00
# Visual Studio Version 17
VisualStudioVersion = 17.0.32112.339
MinimumVisualStudioVersion = 10.0.40219.1
Project("{FAE04EC0-301F-11D3-BF4B-00C04F79EFBC}") = "Restschuldrechner.Android", "Restschuldrechner\Restschuldrechner.Android\Restschuldrechner.Android.csproj", "{48EDDF4C-6E54-497A-BAA2-1BE582538E43}"
EndProject
Project("{FAE04EC0-301F-11D3-BF4B-00C04F79EFBC}") = "Restschuldrechner.iOS", "Restschuldrechner\Restschuldrechner.iOS\Restschuldrechner.iOS.csproj", "{291FDDE4-52CB-4ABA-9B63-B0106444C45C}"
EndProject
Project("{9A19103F-16F7-4668-BE54-9A1E7A4F7556}") = "Restschuldrechner", "Restschuldrechner\Restschuldrechner\Restschuldrechner.csproj", "{B3A57BAF-CF9D-4D8E-8FB4-240DE26FD9D3}"
EndProject
Project("{FAE04EC0-301F-11D3-BF4B-00C04F79EFBC}") = "Restschuldrechner.UWP", "Restschuldrechner\Restschuldrechner.UWP\Restschuldrechner.UWP.csproj", "{68839D77-FF7F-4BD5-BD1C-73E75B732743}"
EndProject
Global
	GlobalSection(SolutionConfigurationPlatforms) = preSolution
		Debug|Any CPU = Debug|Any CPU
		Debug|ARM = Debug|ARM
		Debug|iPhone = Debug|iPhone
		Debug|iPhoneSimulator = Debug|iPhoneSimulator
		Debug|x64 = Debug|x64
		Debug|x86 = Debug|x86
		Release|Any CPU = Release|Any CPU
		Release|ARM = Release|ARM
		Release|iPhone = Release|iPhone
		Release|iPhoneSimulator = Release|iPhoneSimulator
		Release|x64 = Release|x64
		Release|x86 = Release|x86
	EndGlobalSection
	GlobalSection(ProjectConfigurationPlatforms) = postSolution
		{48EDDF4C-6E54-497A-BAA2-1BE582538E43}.Debug|Any CPU.ActiveCfg = Debug|Any CPU
		{48EDDF4C-6E54-497A-BAA2-1BE582538E43}.Debug|Any CPU.Build.0 = Debug|Any CPU
		{48EDDF4C-6E54-497A-BAA2-1BE582538E43}.Debug|Any CPU.Deploy.0 = Debug|Any CPU
		{48EDDF4C-6E54-497A-BAA2-1BE582538E43}.Debug|ARM.ActiveCfg = Debug|Any CPU
		{48EDDF4C-6E54-497A-BAA2-1BE582538E43}.Debug|ARM.Build.0 = Debug|Any CPU
		{48EDDF4C-6E54-497A-BAA2-1BE582538E43}.Debug|ARM.Deploy.0 = Debug|Any CPU
		{48EDDF4C-6E54-497A-BAA2-1BE582538E43}.Debug|iPhone.ActiveCfg = Debug|Any CPU
		{48EDDF4C-6E54-497A-BAA2-1BE582538E43}.Debug|iPhone.Build.0 = Debug|Any CPU
		{48EDDF4C-6E54-497A-BAA2-1BE582538E43}.Debug|iPhone.Deploy.0 = Debug|Any CPU
		{48EDDF4C-6E54-497A-BAA2-1BE582538E43}.Debug|iPhoneSimulator.ActiveCfg = Debug|Any CPU
		{48EDDF4C-6E54-497A-BAA2-1BE582538E43}.Debug|iPhoneSimulator.Build.0 = Debug|Any CPU
		{48EDDF4C-6E54-497A-BAA2-1BE582538E43}.Debug|iPhoneSimulator.Deploy.0 = Debug|Any CPU
		{48EDDF4C-6E54-497A-BAA2-1BE582538E43}.Debug|x64.ActiveCfg = Debug|Any CPU
		{48EDDF4C-6E54-497A-BAA2-1BE582538E43}.Debug|x64.Build.0 = Debug|Any CPU
		{48EDDF4C-6E54-497A-BAA2-1BE582538E43}.Debug|x64.Deploy.0 = Debug|Any CPU
		{48EDDF4C-6E54-497A-BAA2-1BE582538E43}.Debug|x86.ActiveCfg = Debug|Any CPU
		{48EDDF4C-6E54-497A-BAA2-1BE582538E43}.Debug|x86.Build.0 = Debug|Any CPU
		{48EDDF4C-6E54-497A-BAA2-1BE582538E43}.Debug|x86.Deploy.0 = Debug|Any CPU
		{48EDDF4C-6E54-497A-BAA2-1BE582538E43}.Release|Any CPU.ActiveCfg = Release|Any CPU
		{48EDDF4C-6E54-497A-BAA2-1BE582538E43}.Release|Any CPU.Build.0 = Release|Any CPU
		{48EDDF4C-6E54-497A-BAA2-1BE582538E43}.Release|Any CPU.Deploy.0 = Release|Any CPU
		{48EDDF4C-6E54-497A-BAA2-1BE582538E43}.Release|ARM.ActiveCfg = Release|Any CPU
		{48EDDF4C-6E54-497A-BAA2-1BE582538E43}.Release|ARM.Build.0 = Release|Any CPU
		{48EDDF4C-6E54-497A-BAA2-1BE582538E43}.Release|ARM.Deploy.0 = Release|Any CPU
		{48EDDF4C-6E54-497A-BAA2-1BE582538E43}.Release|iPhone.ActiveCfg = Release|Any CPU
		{48EDDF4C-6E54-497A-BAA2-1BE582538E43}.Release|iPhone.Build.0 = Release|Any CPU
		{48EDDF4C-6E54-497A-BAA2-1BE582538E43}.Release|iPhone.Deploy.0 = Release|Any CPU
		{48EDDF4C-6E54-497A-BAA2-1BE582538E43}.Release|iPhoneSimulator.ActiveCfg = Release|Any CPU
		{48EDDF4C-6E54-497A-BAA2-1BE582538E43}.Release|iPhoneSimulator.Build.0 = Release|Any CPU
		{48EDDF4C-6E54-497A-BAA2-1BE582538E43}.Release|iPhoneSimulator.Deploy.0 = Release|Any CPU
		{48EDDF4C-6E54-497A-BAA2-1BE582538E43}.Release|x64.ActiveCfg = Release|Any CPU
		{48EDDF4C-6E54-497A-BAA2-1BE582538E43}.Release|x64.Build.0 = Release|Any CPU
		{48EDDF4C-6E54-497A-BAA2-1BE582538E43}.Release|x64.Deploy.0 = Release|Any CPU
		{48EDDF4C-6E54-497A-BAA2-1BE582538E43}.Release|x86.ActiveCfg = Release|Any CPU
		{48EDDF4C-6E54-497A-BAA2-1BE582538E43}.Release|x86.Build.0 = Release|Any CPU
		{48EDDF4C-6E54-497A-BAA2-1BE582538E43}.Release|x86.Deploy.0 = Release|Any CPU
		{291FDDE4-52CB-4ABA-9B63-B0106444C45C}.Debug|Any CPU.ActiveCfg = Debug|iPhone
		{291FDDE4-52CB-4ABA-9B63-B0106444C45C}.Debug|Any CPU.Build.0 = Debug|iPhone
		{291FDDE4-52CB-4ABA-9B63-B0106444C45C}.Debug|Any CPU.Deploy.0 = Debug|iPhone
		{291FDDE4-52CB-4ABA-9B63-B0106444C45C}.Debug|ARM.ActiveCfg = Debug|iPhoneSimulator
		{291FDDE4-52CB-4ABA-9B63-B0106444C45C}.Debug|ARM.Build.0 = Debug|iPhoneSimulator
		{291FDDE4-52CB-4ABA-9B63-B0106444C45C}.Debug|iPhone.ActiveCfg = Debug|iPhone
		{291FDDE4-52CB-4ABA-9B63-B0106444C45C}.Debug|iPhone.Build.0 = Debug|iPhone
		{291FDDE4-52CB-4ABA-9B63-B0106444C45C}.Debug|iPhone.Deploy.0 = Debug|iPhone
		{291FDDE4-52CB-4ABA-9B63-B0106444C45C}.Debug|iPhoneSimulator.ActiveCfg = Debug|iPhoneSimulator
		{291FDDE4-52CB-4ABA-9B63-B0106444C45C}.Debug|iPhoneSimulator.Build.0 = Debug|iPhoneSimulator
		{291FDDE4-52CB-4ABA-9B63-B0106444C45C}.Debug|iPhoneSimulator.Deploy.0 = Debug|iPhoneSimulator
		{291FDDE4-52CB-4ABA-9B63-B0106444C45C}.Debug|x64.ActiveCfg = Debug|iPhoneSimulator
		{291FDDE4-52CB-4ABA-9B63-B0106444C45C}.Debug|x64.Build.0 = Debug|iPhoneSimulator
		{291FDDE4-52CB-4ABA-9B63-B0106444C45C}.Debug|x86.ActiveCfg = Debug|iPhoneSimulator
		{291FDDE4-52CB-4ABA-9B63-B0106444C45C}.Debug|x86.Build.0 = Debug|iPhoneSimulator
		{291FDDE4-52CB-4ABA-9B63-B0106444C45C}.Release|Any CPU.ActiveCfg = Release|iPhone
		{291FDDE4-52CB-4ABA-9B63-B0106444C45C}.Release|Any CPU.Build.0 = Release|iPhone
		{291FDDE4-52CB-4ABA-9B63-B0106444C45C}.Release|Any CPU.Deploy.0 = Release|iPhone
		{291FDDE4-52CB-4ABA-9B63-B0106444C45C}.Release|ARM.ActiveCfg = Release|iPhoneSimulator
		{291FDDE4-52CB-4ABA-9B63-B0106444C45C}.Release|ARM.Build.0 = Release|iPhoneSimulator
		{291FDDE4-52CB-4ABA-9B63-B0106444C45C}.Release|iPhone.ActiveCfg = Release|iPhone
		{291FDDE4-52CB-4ABA-9B63-B0106444C45C}.Release|iPhone.Build.0 = Release|iPhone
		{291FDDE4-52CB-4ABA-9B63-B0106444C45C}.Release|iPhone.Deploy.0 = Release|iPhone
		{291FDDE4-52CB-4ABA-9B63-B0106444C45C}.Release|iPhoneSimulator.ActiveCfg = Release|iPhoneSimulator
		{291FDDE4-52CB-4ABA-9B63-B0106444C45C}.Release|iPhoneSimulator.Build.0 = Release|iPhoneSimulator
		{291FDDE4-52CB-4ABA-9B63-B0106444C45C}.Release|iPhoneSimulator.Deploy.0 = Release|iPhoneSimulator
		{291FDDE4-52CB-4ABA-9B63-B0106444C45C}.Release|x64.ActiveCfg = Release|iPhoneSimulator
		{291FDDE4-52CB-4ABA-9B63-B0106444C45C}.Release|x64.Build.0 = Release|iPhoneSimulator
		{291FDDE4-52CB-4ABA-9B63-B0106444C45C}.Release|x86.ActiveCfg = Release|iPhoneSimulator
		{291FDDE4-52CB-4ABA-9B63-B0106444C45C}.Release|x86.Build.0 = Release|iPhoneSimulator
		{B3A57BAF-CF9D-4D8E-8FB4-240DE26FD9D3}.Debug|Any CPU.ActiveCfg = Debug|Any CPU
		{B3A57BAF-CF9D-4D8E-8FB4-240DE26FD9D3}.Debug|Any CPU.Build.0 = Debug|Any CPU
		{B3A57BAF-CF9D-4D8E-8FB4-240DE26FD9D3}.Debug|Any CPU.Deploy.0 = Debug|Any CPU
		{B3A57BAF-CF9D-4D8E-8FB4-240DE26FD9D3}.Debug|ARM.ActiveCfg = Debug|Any CPU
		{B3A57BAF-CF9D-4D8E-8FB4-240DE26FD9D3}.Debug|ARM.Build.0 = Debug|Any CPU
		{B3A57BAF-CF9D-4D8E-8FB4-240DE26FD9D3}.Debug|iPhone.ActiveCfg = Debug|Any CPU
		{B3A57BAF-CF9D-4D8E-8FB4-240DE26FD9D3}.Debug|iPhone.Build.0 = Debug|Any CPU
		{B3A57BAF-CF9D-4D8E-8FB4-240DE26FD9D3}.Debug|iPhone.Deploy.0 = Debug|Any CPU
		{B3A57BAF-CF9D-4D8E-8FB4-240DE26FD9D3}.Debug|iPhoneSimulator.ActiveCfg = Debug|Any CPU
		{B3A57BAF-CF9D-4D8E-8FB4-240DE26FD9D3}.Debug|iPhoneSimulator.Build.0 = Debug|Any CPU
		{B3A57BAF-CF9D-4D8E-8FB4-240DE26FD9D3}.Debug|iPhoneSimulator.Deploy.0 = Debug|Any CPU
		{B3A57BAF-CF9D-4D8E-8FB4-240DE26FD9D3}.Debug|x64.ActiveCfg = Debug|Any CPU
		{B3A57BAF-CF9D-4D8E-8FB4-240DE26FD9D3}.Debug|x64.Build.0 = Debug|Any CPU
		{B3A57BAF-CF9D-4D8E-8FB4-240DE26FD9D3}.Debug|x86.ActiveCfg = Debug|Any CPU
		{B3A57BAF-CF9D-4D8E-8FB4-240DE26FD9D3}.Debug|x86.Build.0 = Debug|Any CPU
		{B3A57BAF-CF9D-4D8E-8FB4-240DE26FD9D3}.Release|Any CPU.ActiveCfg = Release|Any CPU
		{B3A57BAF-CF9D-4D8E-8FB4-240DE26FD9D3}.Release|Any CPU.Build.0 = Release|Any CPU
		{B3A57BAF-CF9D-4D8E-8FB4-240DE26FD9D3}.Release|Any CPU.Deploy.0 = Release|Any CPU
		{B3A57BAF-CF9D-4D8E-8FB4-240DE26FD9D3}.Release|ARM.ActiveCfg = Release|Any CPU
		{B3A57BAF-CF9D-4D8E-8FB4-240DE26FD9D3}.Release|ARM.Build.0 = Release|Any CPU
		{B3A57BAF-CF9D-4D8E-8FB4-240DE26FD9D3}.Release|iPhone.ActiveCfg = Release|Any CPU
		{B3A57BAF-CF9D-4D8E-8FB4-240DE26FD9D3}.Release|iPhone.Build.0 = Release|Any CPU
		{B3A57BAF-CF9D-4D8E-8FB4-240DE26FD9D3}.Release|iPhone.Deploy.0 = Release|Any CPU
		{B3A57BAF-CF9D-4D8E-8FB4-240DE26FD9D3}.Release|iPhoneSimulator.ActiveCfg = Release|Any CPU
		{B3A57BAF-CF9D-4D8E-8FB4-240DE26FD9D3}.Release|iPhoneSimulator.Build.0 = Release|Any CPU
		{B3A57BAF-CF9D-4D8E-8FB4-240DE26FD9D3}.Release|iPhoneSimulator.Deploy.0 = Release|Any CPU
		{B3A57BAF-CF9D-4D8E-8FB4-240DE26FD9D3}.Release|x64.ActiveCfg = Release|Any CPU
		{B3A57BAF-CF9D-4D8E-8FB4-240DE26FD9D3}.Release|x64.Build.0 = Release|Any CPU
		{B3A57BAF-CF9D-4D8E-8FB4-240DE26FD9D3}.Release|x86.ActiveCfg = Release|Any CPU
		{B3A57BAF-CF9D-4D8E-8FB4-240DE26FD9D3}.Release|x86.Build.0 = Release|Any CPU
		{68839D77-FF7F-4BD5-BD1C-73E75B732743}.Debug|Any CPU.ActiveCfg = Debug|x64
		{68839D77-FF7F-4BD5-BD1C-73E75B732743}.Debug|Any CPU.Build.0 = Debug|x64
		{68839D77-FF7F-4BD5-BD1C-73E75B732743}.Debug|Any CPU.Deploy.0 = Debug|x64
		{68839D77-FF7F-4BD5-BD1C-73E75B732743}.Debug|ARM.ActiveCfg = Debug|ARM
		{68839D77-FF7F-4BD5-BD1C-73E75B732743}.Debug|ARM.Build.0 = Debug|ARM
		{68839D77-FF7F-4BD5-BD1C-73E75B732743}.Debug|ARM.Deploy.0 = Debug|ARM
		{68839D77-FF7F-4BD5-BD1C-73E75B732743}.Debug|iPhone.ActiveCfg = Debug|x64
		{68839D77-FF7F-4BD5-BD1C-73E75B732743}.Debug|iPhone.Build.0 = Debug|x64
		{68839D77-FF7F-4BD5-BD1C-73E75B732743}.Debug|iPhone.Deploy.0 = Debug|x64
		{68839D77-FF7F-4BD5-BD1C-73E75B732743}.Debug|iPhoneSimulator.ActiveCfg = Debug|x64
		{68839D77-FF7F-4BD5-BD1C-73E75B732743}.Debug|iPhoneSimulator.Build.0 = Debug|x64
		{68839D77-FF7F-4BD5-BD1C-73E75B732743}.Debug|iPhoneSimulator.Deploy.0 = Debug|x64
		{68839D77-FF7F-4BD5-BD1C-73E75B732743}.Debug|x64.ActiveCfg = Debug|x64
		{68839D77-FF7F-4BD5-BD1C-73E75B732743}.Debug|x64.Build.0 = Debug|x64
		{68839D77-FF7F-4BD5-BD1C-73E75B732743}.Debug|x64.Deploy.0 = Debug|x64
		{68839D77-FF7F-4BD5-BD1C-73E75B732743}.Debug|x86.ActiveCfg = Debug|x86
		{68839D77-FF7F-4BD5-BD1C-73E75B732743}.Debug|x86.Build.0 = Debug|x86
		{68839D77-FF7F-4BD5-BD1C-73E75B732743}.Debug|x86.Deploy.0 = Debug|x86
		{68839D77-FF7F-4BD5-BD1C-73E75B732743}.Release|Any CPU.ActiveCfg = Release|x64
		{68839D77-FF7F-4BD5-BD1C-73E75B732743}.Release|Any CPU.Build.0 = Release|x64
		{68839D77-FF7F-4BD5-BD1C-73E75B732743}.Release|Any CPU.Deploy.0 = Release|x64
		{68839D77-FF7F-4BD5-BD1C-73E75B732743}.Release|ARM.ActiveCfg = Release|ARM
		{68839D77-FF7F-4BD5-BD1C-73E75B732743}.Release|ARM.Build.0 = Release|ARM
		{68839D77-FF7F-4BD5-BD1C-73E75B732743}.Release|ARM.Deploy.0 = Release|ARM
		{68839D77-FF7F-4BD5-BD1C-73E75B732743}.Release|iPhone.ActiveCfg = Release|x64
		{68839D77-FF7F-4BD5-BD1C-73E75B732743}.Release|iPhone.Build.0 = Release|x64
		{68839D77-FF7F-4BD5-BD1C-73E75B732743}.Release|iPhone.Deploy.0 = Release|x64
		{68839D77-FF7F-4BD5-BD1C-73E75B732743}.Release|iPhoneSimulator.ActiveCfg = Release|x64
		{68839D77-FF7F-4BD5-BD1C-73E75B732743}.Release|iPhoneSimulator.Build.0 = Release|x64
		{68839D77-FF7F-4BD5-BD1C-73E75B732743}.Release|iPhoneSimulator.Deploy.0 = Release|x64
		{68839D77-FF7F-4BD5-BD1C-73E75B732743}.Release|x64.ActiveCfg = Release|x64
		{68839D77-FF7F-4BD5-BD1C-73E75B732743}.Release|x64.Build.0 = Release|x64
		{68839D77-FF7F-4BD5-BD1C-73E75B732743}.Release|x64.Deploy.0 = Release|x64
		{68839D77-FF7F-4BD5-BD1C-73E75B732743}.Release|x86.ActiveCfg = Release|x86
		{68839D77-FF7F-4BD5-BD1C-73E75B732743}.Release|x86.Build.0 = Release|x86
		{68839D77-FF7F-4BD5-BD1C-73E75B732743}.Release|x86.Deploy.0 = Release|x86
	EndGlobalSection
	GlobalSection(SolutionProperties) = preSolution
		HideSolutionNode = FALSE
	EndGlobalSection
	GlobalSection(ExtensibilityGlobals) = postSolution
		SolutionGuid = {6A78F3A8-C31A-4C36-9EEC-1794D8975E84}
	EndGlobalSection
EndGlobal
