
Microsoft Visual Studio Solution File, Format Version 12.00
# Visual Studio Version 17
VisualStudioVersion = 17.0.32112.339
MinimumVisualStudioVersion = 10.0.40219.1
Project("{FAE04EC0-301F-11D3-BF4B-00C04F79EFBC}") = "ViewsSample.Android", "ViewsSample\ViewsSample.Android\ViewsSample.Android.csproj", "{C8A392EB-17A4-4981-BAB9-EB3FC20CC1AF}"
EndProject
Project("{FAE04EC0-301F-11D3-BF4B-00C04F79EFBC}") = "ViewsSample.iOS", "ViewsSample\ViewsSample.iOS\ViewsSample.iOS.csproj", "{FC8CDC17-B0DD-400A-A156-D50D8120BF26}"
EndProject
Project("{9A19103F-16F7-4668-BE54-9A1E7A4F7556}") = "ViewsSample", "ViewsSample\ViewsSample\ViewsSample.csproj", "{160AF850-154D-4405-BABA-B5A098B86CE9}"
EndProject
Project("{FAE04EC0-301F-11D3-BF4B-00C04F79EFBC}") = "ViewsSample.UWP", "ViewsSample\ViewsSample.UWP\ViewsSample.UWP.csproj", "{596DE334-6589-4CC8-B449-41CE53A2A1FA}"
EndProject
Global
	GlobalSection(SolutionConfigurationPlatforms) = preSolution
		Debug|Any CPU = Debug|Any CPU
		Debug|ARM = Debug|ARM
		Debug|iPhone = Debug|iPhone
		Debug|iPhoneSimulator = Debug|iPhoneSimulator
		Debug|x64 = Debug|x64
		Debug|x86 = Debug|x86
		Release|Any CPU = Release|Any CPU
		Release|ARM = Release|ARM
		Release|iPhone = Release|iPhone
		Release|iPhoneSimulator = Release|iPhoneSimulator
		Release|x64 = Release|x64
		Release|x86 = Release|x86
	EndGlobalSection
	GlobalSection(ProjectConfigurationPlatforms) = postSolution
		{C8A392EB-17A4-4981-BAB9-EB3FC20CC1AF}.Debug|Any CPU.ActiveCfg = Debug|Any CPU
		{C8A392EB-17A4-4981-BAB9-EB3FC20CC1AF}.Debug|Any CPU.Build.0 = Debug|Any CPU
		{C8A392EB-17A4-4981-BAB9-EB3FC20CC1AF}.Debug|Any CPU.Deploy.0 = Debug|Any CPU
		{C8A392EB-17A4-4981-BAB9-EB3FC20CC1AF}.Debug|ARM.ActiveCfg = Debug|Any CPU
		{C8A392EB-17A4-4981-BAB9-EB3FC20CC1AF}.Debug|ARM.Build.0 = Debug|Any CPU
		{C8A392EB-17A4-4981-BAB9-EB3FC20CC1AF}.Debug|ARM.Deploy.0 = Debug|Any CPU
		{C8A392EB-17A4-4981-BAB9-EB3FC20CC1AF}.Debug|iPhone.ActiveCfg = Debug|Any CPU
		{C8A392EB-17A4-4981-BAB9-EB3FC20CC1AF}.Debug|iPhone.Build.0 = Debug|Any CPU
		{C8A392EB-17A4-4981-BAB9-EB3FC20CC1AF}.Debug|iPhone.Deploy.0 = Debug|Any CPU
		{C8A392EB-17A4-4981-BAB9-EB3FC20CC1AF}.Debug|iPhoneSimulator.ActiveCfg = Debug|Any CPU
		{C8A392EB-17A4-4981-BAB9-EB3FC20CC1AF}.Debug|iPhoneSimulator.Build.0 = Debug|Any CPU
		{C8A392EB-17A4-4981-BAB9-EB3FC20CC1AF}.Debug|iPhoneSimulator.Deploy.0 = Debug|Any CPU
		{C8A392EB-17A4-4981-BAB9-EB3FC20CC1AF}.Debug|x64.ActiveCfg = Debug|Any CPU
		{C8A392EB-17A4-4981-BAB9-EB3FC20CC1AF}.Debug|x64.Build.0 = Debug|Any CPU
		{C8A392EB-17A4-4981-BAB9-EB3FC20CC1AF}.Debug|x64.Deploy.0 = Debug|Any CPU
		{C8A392EB-17A4-4981-BAB9-EB3FC20CC1AF}.Debug|x86.ActiveCfg = Debug|Any CPU
		{C8A392EB-17A4-4981-BAB9-EB3FC20CC1AF}.Debug|x86.Build.0 = Debug|Any CPU
		{C8A392EB-17A4-4981-BAB9-EB3FC20CC1AF}.Debug|x86.Deploy.0 = Debug|Any CPU
		{C8A392EB-17A4-4981-BAB9-EB3FC20CC1AF}.Release|Any CPU.ActiveCfg = Release|Any CPU
		{C8A392EB-17A4-4981-BAB9-EB3FC20CC1AF}.Release|Any CPU.Build.0 = Release|Any CPU
		{C8A392EB-17A4-4981-BAB9-EB3FC20CC1AF}.Release|Any CPU.Deploy.0 = Release|Any CPU
		{C8A392EB-17A4-4981-BAB9-EB3FC20CC1AF}.Release|ARM.ActiveCfg = Release|Any CPU
		{C8A392EB-17A4-4981-BAB9-EB3FC20CC1AF}.Release|ARM.Build.0 = Release|Any CPU
		{C8A392EB-17A4-4981-BAB9-EB3FC20CC1AF}.Release|ARM.Deploy.0 = Release|Any CPU
		{C8A392EB-17A4-4981-BAB9-EB3FC20CC1AF}.Release|iPhone.ActiveCfg = Release|Any CPU
		{C8A392EB-17A4-4981-BAB9-EB3FC20CC1AF}.Release|iPhone.Build.0 = Release|Any CPU
		{C8A392EB-17A4-4981-BAB9-EB3FC20CC1AF}.Release|iPhone.Deploy.0 = Release|Any CPU
		{C8A392EB-17A4-4981-BAB9-EB3FC20CC1AF}.Release|iPhoneSimulator.ActiveCfg = Release|Any CPU
		{C8A392EB-17A4-4981-BAB9-EB3FC20CC1AF}.Release|iPhoneSimulator.Build.0 = Release|Any CPU
		{C8A392EB-17A4-4981-BAB9-EB3FC20CC1AF}.Release|iPhoneSimulator.Deploy.0 = Release|Any CPU
		{C8A392EB-17A4-4981-BAB9-EB3FC20CC1AF}.Release|x64.ActiveCfg = Release|Any CPU
		{C8A392EB-17A4-4981-BAB9-EB3FC20CC1AF}.Release|x64.Build.0 = Release|Any CPU
		{C8A392EB-17A4-4981-BAB9-EB3FC20CC1AF}.Release|x64.Deploy.0 = Release|Any CPU
		{C8A392EB-17A4-4981-BAB9-EB3FC20CC1AF}.Release|x86.ActiveCfg = Release|Any CPU
		{C8A392EB-17A4-4981-BAB9-EB3FC20CC1AF}.Release|x86.Build.0 = Release|Any CPU
		{C8A392EB-17A4-4981-BAB9-EB3FC20CC1AF}.Release|x86.Deploy.0 = Release|Any CPU
		{FC8CDC17-B0DD-400A-A156-D50D8120BF26}.Debug|Any CPU.ActiveCfg = Debug|iPhone
		{FC8CDC17-B0DD-400A-A156-D50D8120BF26}.Debug|Any CPU.Build.0 = Debug|iPhone
		{FC8CDC17-B0DD-400A-A156-D50D8120BF26}.Debug|Any CPU.Deploy.0 = Debug|iPhone
		{FC8CDC17-B0DD-400A-A156-D50D8120BF26}.Debug|ARM.ActiveCfg = Debug|iPhoneSimulator
		{FC8CDC17-B0DD-400A-A156-D50D8120BF26}.Debug|ARM.Build.0 = Debug|iPhoneSimulator
		{FC8CDC17-B0DD-400A-A156-D50D8120BF26}.Debug|iPhone.ActiveCfg = Debug|iPhone
		{FC8CDC17-B0DD-400A-A156-D50D8120BF26}.Debug|iPhone.Build.0 = Debug|iPhone
		{FC8CDC17-B0DD-400A-A156-D50D8120BF26}.Debug|iPhone.Deploy.0 = Debug|iPhone
		{FC8CDC17-B0DD-400A-A156-D50D8120BF26}.Debug|iPhoneSimulator.ActiveCfg = Debug|iPhoneSimulator
		{FC8CDC17-B0DD-400A-A156-D50D8120BF26}.Debug|iPhoneSimulator.Build.0 = Debug|iPhoneSimulator
		{FC8CDC17-B0DD-400A-A156-D50D8120BF26}.Debug|iPhoneSimulator.Deploy.0 = Debug|iPhoneSimulator
		{FC8CDC17-B0DD-400A-A156-D50D8120BF26}.Debug|x64.ActiveCfg = Debug|iPhoneSimulator
		{FC8CDC17-B0DD-400A-A156-D50D8120BF26}.Debug|x64.Build.0 = Debug|iPhoneSimulator
		{FC8CDC17-B0DD-400A-A156-D50D8120BF26}.Debug|x86.ActiveCfg = Debug|iPhoneSimulator
		{FC8CDC17-B0DD-400A-A156-D50D8120BF26}.Debug|x86.Build.0 = Debug|iPhoneSimulator
		{FC8CDC17-B0DD-400A-A156-D50D8120BF26}.Release|Any CPU.ActiveCfg = Release|iPhoneSimulator
		{FC8CDC17-B0DD-400A-A156-D50D8120BF26}.Release|Any CPU.Build.0 = Release|iPhoneSimulator
		{FC8CDC17-B0DD-400A-A156-D50D8120BF26}.Release|Any CPU.Deploy.0 = Release|iPhoneSimulator
		{FC8CDC17-B0DD-400A-A156-D50D8120BF26}.Release|ARM.ActiveCfg = Release|iPhone
		{FC8CDC17-B0DD-400A-A156-D50D8120BF26}.Release|ARM.Build.0 = Release|iPhone
		{FC8CDC17-B0DD-400A-A156-D50D8120BF26}.Release|iPhone.ActiveCfg = Release|iPhone
		{FC8CDC17-B0DD-400A-A156-D50D8120BF26}.Release|iPhone.Build.0 = Release|iPhone
		{FC8CDC17-B0DD-400A-A156-D50D8120BF26}.Release|iPhone.Deploy.0 = Release|iPhone
		{FC8CDC17-B0DD-400A-A156-D50D8120BF26}.Release|iPhoneSimulator.ActiveCfg = Release|iPhoneSimulator
		{FC8CDC17-B0DD-400A-A156-D50D8120BF26}.Release|iPhoneSimulator.Build.0 = Release|iPhoneSimulator
		{FC8CDC17-B0DD-400A-A156-D50D8120BF26}.Release|iPhoneSimulator.Deploy.0 = Release|iPhoneSimulator
		{FC8CDC17-B0DD-400A-A156-D50D8120BF26}.Release|x64.ActiveCfg = Release|iPhone
		{FC8CDC17-B0DD-400A-A156-D50D8120BF26}.Release|x64.Build.0 = Release|iPhone
		{FC8CDC17-B0DD-400A-A156-D50D8120BF26}.Release|x86.ActiveCfg = Release|iPhone
		{FC8CDC17-B0DD-400A-A156-D50D8120BF26}.Release|x86.Build.0 = Release|iPhone
		{160AF850-154D-4405-BABA-B5A098B86CE9}.Debug|Any CPU.ActiveCfg = Debug|Any CPU
		{160AF850-154D-4405-BABA-B5A098B86CE9}.Debug|Any CPU.Build.0 = Debug|Any CPU
		{160AF850-154D-4405-BABA-B5A098B86CE9}.Debug|Any CPU.Deploy.0 = Debug|Any CPU
		{160AF850-154D-4405-BABA-B5A098B86CE9}.Debug|ARM.ActiveCfg = Debug|Any CPU
		{160AF850-154D-4405-BABA-B5A098B86CE9}.Debug|ARM.Build.0 = Debug|Any CPU
		{160AF850-154D-4405-BABA-B5A098B86CE9}.Debug|iPhone.ActiveCfg = Debug|Any CPU
		{160AF850-154D-4405-BABA-B5A098B86CE9}.Debug|iPhone.Build.0 = Debug|Any CPU
		{160AF850-154D-4405-BABA-B5A098B86CE9}.Debug|iPhone.Deploy.0 = Debug|Any CPU
		{160AF850-154D-4405-BABA-B5A098B86CE9}.Debug|iPhoneSimulator.ActiveCfg = Debug|Any CPU
		{160AF850-154D-4405-BABA-B5A098B86CE9}.Debug|iPhoneSimulator.Build.0 = Debug|Any CPU
		{160AF850-154D-4405-BABA-B5A098B86CE9}.Debug|iPhoneSimulator.Deploy.0 = Debug|Any CPU
		{160AF850-154D-4405-BABA-B5A098B86CE9}.Debug|x64.ActiveCfg = Debug|Any CPU
		{160AF850-154D-4405-BABA-B5A098B86CE9}.Debug|x64.Build.0 = Debug|Any CPU
		{160AF850-154D-4405-BABA-B5A098B86CE9}.Debug|x86.ActiveCfg = Debug|Any CPU
		{160AF850-154D-4405-BABA-B5A098B86CE9}.Debug|x86.Build.0 = Debug|Any CPU
		{160AF850-154D-4405-BABA-B5A098B86CE9}.Release|Any CPU.ActiveCfg = Release|Any CPU
		{160AF850-154D-4405-BABA-B5A098B86CE9}.Release|Any CPU.Build.0 = Release|Any CPU
		{160AF850-154D-4405-BABA-B5A098B86CE9}.Release|Any CPU.Deploy.0 = Release|Any CPU
		{160AF850-154D-4405-BABA-B5A098B86CE9}.Release|ARM.ActiveCfg = Release|Any CPU
		{160AF850-154D-4405-BABA-B5A098B86CE9}.Release|ARM.Build.0 = Release|Any CPU
		{160AF850-154D-4405-BABA-B5A098B86CE9}.Release|iPhone.ActiveCfg = Release|Any CPU
		{160AF850-154D-4405-BABA-B5A098B86CE9}.Release|iPhone.Build.0 = Release|Any CPU
		{160AF850-154D-4405-BABA-B5A098B86CE9}.Release|iPhone.Deploy.0 = Release|Any CPU
		{160AF850-154D-4405-BABA-B5A098B86CE9}.Release|iPhoneSimulator.ActiveCfg = Release|Any CPU
		{160AF850-154D-4405-BABA-B5A098B86CE9}.Release|iPhoneSimulator.Build.0 = Release|Any CPU
		{160AF850-154D-4405-BABA-B5A098B86CE9}.Release|iPhoneSimulator.Deploy.0 = Release|Any CPU
		{160AF850-154D-4405-BABA-B5A098B86CE9}.Release|x64.ActiveCfg = Release|Any CPU
		{160AF850-154D-4405-BABA-B5A098B86CE9}.Release|x64.Build.0 = Release|Any CPU
		{160AF850-154D-4405-BABA-B5A098B86CE9}.Release|x86.ActiveCfg = Release|Any CPU
		{160AF850-154D-4405-BABA-B5A098B86CE9}.Release|x86.Build.0 = Release|Any CPU
		{596DE334-6589-4CC8-B449-41CE53A2A1FA}.Debug|Any CPU.ActiveCfg = Debug|x64
		{596DE334-6589-4CC8-B449-41CE53A2A1FA}.Debug|Any CPU.Build.0 = Debug|x64
		{596DE334-6589-4CC8-B449-41CE53A2A1FA}.Debug|Any CPU.Deploy.0 = Debug|x64
		{596DE334-6589-4CC8-B449-41CE53A2A1FA}.Debug|ARM.ActiveCfg = Debug|ARM
		{596DE334-6589-4CC8-B449-41CE53A2A1FA}.Debug|ARM.Build.0 = Debug|ARM
		{596DE334-6589-4CC8-B449-41CE53A2A1FA}.Debug|ARM.Deploy.0 = Debug|ARM
		{596DE334-6589-4CC8-B449-41CE53A2A1FA}.Debug|iPhone.ActiveCfg = Debug|x64
		{596DE334-6589-4CC8-B449-41CE53A2A1FA}.Debug|iPhone.Build.0 = Debug|x64
		{596DE334-6589-4CC8-B449-41CE53A2A1FA}.Debug|iPhone.Deploy.0 = Debug|x64
		{596DE334-6589-4CC8-B449-41CE53A2A1FA}.Debug|iPhoneSimulator.ActiveCfg = Debug|x64
		{596DE334-6589-4CC8-B449-41CE53A2A1FA}.Debug|iPhoneSimulator.Build.0 = Debug|x64
		{596DE334-6589-4CC8-B449-41CE53A2A1FA}.Debug|iPhoneSimulator.Deploy.0 = Debug|x64
		{596DE334-6589-4CC8-B449-41CE53A2A1FA}.Debug|x64.ActiveCfg = Debug|x64
		{596DE334-6589-4CC8-B449-41CE53A2A1FA}.Debug|x64.Build.0 = Debug|x64
		{596DE334-6589-4CC8-B449-41CE53A2A1FA}.Debug|x64.Deploy.0 = Debug|x64
		{596DE334-6589-4CC8-B449-41CE53A2A1FA}.Debug|x86.ActiveCfg = Debug|x86
		{596DE334-6589-4CC8-B449-41CE53A2A1FA}.Debug|x86.Build.0 = Debug|x86
		{596DE334-6589-4CC8-B449-41CE53A2A1FA}.Debug|x86.Deploy.0 = Debug|x86
		{596DE334-6589-4CC8-B449-41CE53A2A1FA}.Release|Any CPU.ActiveCfg = Release|x64
		{596DE334-6589-4CC8-B449-41CE53A2A1FA}.Release|Any CPU.Build.0 = Release|x64
		{596DE334-6589-4CC8-B449-41CE53A2A1FA}.Release|Any CPU.Deploy.0 = Release|x64
		{596DE334-6589-4CC8-B449-41CE53A2A1FA}.Release|ARM.ActiveCfg = Release|ARM
		{596DE334-6589-4CC8-B449-41CE53A2A1FA}.Release|ARM.Build.0 = Release|ARM
		{596DE334-6589-4CC8-B449-41CE53A2A1FA}.Release|ARM.Deploy.0 = Release|ARM
		{596DE334-6589-4CC8-B449-41CE53A2A1FA}.Release|iPhone.ActiveCfg = Release|x64
		{596DE334-6589-4CC8-B449-41CE53A2A1FA}.Release|iPhone.Build.0 = Release|x64
		{596DE334-6589-4CC8-B449-41CE53A2A1FA}.Release|iPhone.Deploy.0 = Release|x64
		{596DE334-6589-4CC8-B449-41CE53A2A1FA}.Release|iPhoneSimulator.ActiveCfg = Release|x64
		{596DE334-6589-4CC8-B449-41CE53A2A1FA}.Release|iPhoneSimulator.Build.0 = Release|x64
		{596DE334-6589-4CC8-B449-41CE53A2A1FA}.Release|iPhoneSimulator.Deploy.0 = Release|x64
		{596DE334-6589-4CC8-B449-41CE53A2A1FA}.Release|x64.ActiveCfg = Release|x64
		{596DE334-6589-4CC8-B449-41CE53A2A1FA}.Release|x64.Build.0 = Release|x64
		{596DE334-6589-4CC8-B449-41CE53A2A1FA}.Release|x64.Deploy.0 = Release|x64
		{596DE334-6589-4CC8-B449-41CE53A2A1FA}.Release|x86.ActiveCfg = Release|x86
		{596DE334-6589-4CC8-B449-41CE53A2A1FA}.Release|x86.Build.0 = Release|x86
		{596DE334-6589-4CC8-B449-41CE53A2A1FA}.Release|x86.Deploy.0 = Release|x86
	EndGlobalSection
	GlobalSection(SolutionProperties) = preSolution
		HideSolutionNode = FALSE
	EndGlobalSection
	GlobalSection(ExtensibilityGlobals) = postSolution
		SolutionGuid = {E9882660-0974-458A-A590-636C2A669747}
	EndGlobalSection
EndGlobal
