
Microsoft Visual Studio Solution File, Format Version 12.00
# Visual Studio Version 16
VisualStudioVersion = 16.0.31205.134
MinimumVisualStudioVersion = 10.0.40219.1
Project("{FAE04EC0-301F-11D3-BF4B-00C04F79EFBC}") = "XamarinEssentialsDemo.Android", "XamarinEssentialsDemo\XamarinEssentialsDemo.Android\XamarinEssentialsDemo.Android.csproj", "{72417C79-75B5-4E4F-A8F2-EE34914922EE}"
EndProject
Project("{FAE04EC0-301F-11D3-BF4B-00C04F79EFBC}") = "XamarinEssentialsDemo.iOS", "XamarinEssentialsDemo\XamarinEssentialsDemo.iOS\XamarinEssentialsDemo.iOS.csproj", "{4FBB76FA-F8C4-44B3-8325-60538B845DFC}"
EndProject
Project("{FAE04EC0-301F-11D3-BF4B-00C04F79EFBC}") = "XamarinEssentialsDemo", "XamarinEssentialsDemo\XamarinEssentialsDemo\XamarinEssentialsDemo.csproj", "{34442D8D-4A0D-4232-A18A-BB745F330A4C}"
EndProject
Global
	GlobalSection(SolutionConfigurationPlatforms) = preSolution
		Debug|Any CPU = Debug|Any CPU
		Debug|iPhone = Debug|iPhone
		Debug|iPhoneSimulator = Debug|iPhoneSimulator
		Release|Any CPU = Release|Any CPU
		Release|iPhone = Release|iPhone
		Release|iPhoneSimulator = Release|iPhoneSimulator
	EndGlobalSection
	GlobalSection(ProjectConfigurationPlatforms) = postSolution
		{72417C79-75B5-4E4F-A8F2-EE34914922EE}.Debug|Any CPU.ActiveCfg = Debug|Any CPU
		{72417C79-75B5-4E4F-A8F2-EE34914922EE}.Debug|Any CPU.Build.0 = Debug|Any CPU
		{72417C79-75B5-4E4F-A8F2-EE34914922EE}.Debug|Any CPU.Deploy.0 = Debug|Any CPU
		{72417C79-75B5-4E4F-A8F2-EE34914922EE}.Debug|iPhone.ActiveCfg = Debug|Any CPU
		{72417C79-75B5-4E4F-A8F2-EE34914922EE}.Debug|iPhone.Build.0 = Debug|Any CPU
		{72417C79-75B5-4E4F-A8F2-EE34914922EE}.Debug|iPhone.Deploy.0 = Debug|Any CPU
		{72417C79-75B5-4E4F-A8F2-EE34914922EE}.Debug|iPhoneSimulator.ActiveCfg = Debug|Any CPU
		{72417C79-75B5-4E4F-A8F2-EE34914922EE}.Debug|iPhoneSimulator.Build.0 = Debug|Any CPU
		{72417C79-75B5-4E4F-A8F2-EE34914922EE}.Debug|iPhoneSimulator.Deploy.0 = Debug|Any CPU
		{72417C79-75B5-4E4F-A8F2-EE34914922EE}.Release|Any CPU.ActiveCfg = Release|Any CPU
		{72417C79-75B5-4E4F-A8F2-EE34914922EE}.Release|Any CPU.Build.0 = Release|Any CPU
		{72417C79-75B5-4E4F-A8F2-EE34914922EE}.Release|Any CPU.Deploy.0 = Release|Any CPU
		{72417C79-75B5-4E4F-A8F2-EE34914922EE}.Release|iPhone.ActiveCfg = Release|Any CPU
		{72417C79-75B5-4E4F-A8F2-EE34914922EE}.Release|iPhone.Build.0 = Release|Any CPU
		{72417C79-75B5-4E4F-A8F2-EE34914922EE}.Release|iPhone.Deploy.0 = Release|Any CPU
		{72417C79-75B5-4E4F-A8F2-EE34914922EE}.Release|iPhoneSimulator.ActiveCfg = Release|Any CPU
		{72417C79-75B5-4E4F-A8F2-EE34914922EE}.Release|iPhoneSimulator.Build.0 = Release|Any CPU
		{72417C79-75B5-4E4F-A8F2-EE34914922EE}.Release|iPhoneSimulator.Deploy.0 = Release|Any CPU
		{4FBB76FA-F8C4-44B3-8325-60538B845DFC}.Debug|Any CPU.ActiveCfg = Debug|iPhone
		{4FBB76FA-F8C4-44B3-8325-60538B845DFC}.Debug|Any CPU.Build.0 = Debug|iPhone
		{4FBB76FA-F8C4-44B3-8325-60538B845DFC}.Debug|Any CPU.Deploy.0 = Debug|iPhone
		{4FBB76FA-F8C4-44B3-8325-60538B845DFC}.Debug|iPhone.ActiveCfg = Debug|iPhone
		{4FBB76FA-F8C4-44B3-8325-60538B845DFC}.Debug|iPhone.Build.0 = Debug|iPhone
		{4FBB76FA-F8C4-44B3-8325-60538B845DFC}.Debug|iPhone.Deploy.0 = Debug|iPhone
		{4FBB76FA-F8C4-44B3-8325-60538B845DFC}.Debug|iPhoneSimulator.ActiveCfg = Debug|iPhoneSimulator
		{4FBB76FA-F8C4-44B3-8325-60538B845DFC}.Debug|iPhoneSimulator.Build.0 = Debug|iPhoneSimulator
		{4FBB76FA-F8C4-44B3-8325-60538B845DFC}.Debug|iPhoneSimulator.Deploy.0 = Debug|iPhoneSimulator
		{4FBB76FA-F8C4-44B3-8325-60538B845DFC}.Release|Any CPU.ActiveCfg = Release|iPhoneSimulator
		{4FBB76FA-F8C4-44B3-8325-60538B845DFC}.Release|Any CPU.Build.0 = Release|iPhoneSimulator
		{4FBB76FA-F8C4-44B3-8325-60538B845DFC}.Release|Any CPU.Deploy.0 = Release|iPhoneSimulator
		{4FBB76FA-F8C4-44B3-8325-60538B845DFC}.Release|iPhone.ActiveCfg = Release|iPhone
		{4FBB76FA-F8C4-44B3-8325-60538B845DFC}.Release|iPhone.Build.0 = Release|iPhone
		{4FBB76FA-F8C4-44B3-8325-60538B845DFC}.Release|iPhone.Deploy.0 = Release|iPhone
		{4FBB76FA-F8C4-44B3-8325-60538B845DFC}.Release|iPhoneSimulator.ActiveCfg = Release|iPhoneSimulator
		{4FBB76FA-F8C4-44B3-8325-60538B845DFC}.Release|iPhoneSimulator.Build.0 = Release|iPhoneSimulator
		{4FBB76FA-F8C4-44B3-8325-60538B845DFC}.Release|iPhoneSimulator.Deploy.0 = Release|iPhoneSimulator
		{34442D8D-4A0D-4232-A18A-BB745F330A4C}.Debug|Any CPU.ActiveCfg = Debug|Any CPU
		{34442D8D-4A0D-4232-A18A-BB745F330A4C}.Debug|Any CPU.Build.0 = Debug|Any CPU
		{34442D8D-4A0D-4232-A18A-BB745F330A4C}.Debug|Any CPU.Deploy.0 = Debug|Any CPU
		{34442D8D-4A0D-4232-A18A-BB745F330A4C}.Debug|iPhone.ActiveCfg = Debug|Any CPU
		{34442D8D-4A0D-4232-A18A-BB745F330A4C}.Debug|iPhone.Build.0 = Debug|Any CPU
		{34442D8D-4A0D-4232-A18A-BB745F330A4C}.Debug|iPhone.Deploy.0 = Debug|Any CPU
		{34442D8D-4A0D-4232-A18A-BB745F330A4C}.Debug|iPhoneSimulator.ActiveCfg = Debug|Any CPU
		{34442D8D-4A0D-4232-A18A-BB745F330A4C}.Debug|iPhoneSimulator.Build.0 = Debug|Any CPU
		{34442D8D-4A0D-4232-A18A-BB745F330A4C}.Debug|iPhoneSimulator.Deploy.0 = Debug|Any CPU
		{34442D8D-4A0D-4232-A18A-BB745F330A4C}.Release|Any CPU.ActiveCfg = Release|Any CPU
		{34442D8D-4A0D-4232-A18A-BB745F330A4C}.Release|Any CPU.Build.0 = Release|Any CPU
		{34442D8D-4A0D-4232-A18A-BB745F330A4C}.Release|Any CPU.Deploy.0 = Release|Any CPU
		{34442D8D-4A0D-4232-A18A-BB745F330A4C}.Release|iPhone.ActiveCfg = Release|Any CPU
		{34442D8D-4A0D-4232-A18A-BB745F330A4C}.Release|iPhone.Build.0 = Release|Any CPU
		{34442D8D-4A0D-4232-A18A-BB745F330A4C}.Release|iPhone.Deploy.0 = Release|Any CPU
		{34442D8D-4A0D-4232-A18A-BB745F330A4C}.Release|iPhoneSimulator.ActiveCfg = Release|Any CPU
		{34442D8D-4A0D-4232-A18A-BB745F330A4C}.Release|iPhoneSimulator.Build.0 = Release|Any CPU
		{34442D8D-4A0D-4232-A18A-BB745F330A4C}.Release|iPhoneSimulator.Deploy.0 = Release|Any CPU
	EndGlobalSection
	GlobalSection(SolutionProperties) = preSolution
		HideSolutionNode = FALSE
	EndGlobalSection
	GlobalSection(ExtensibilityGlobals) = postSolution
		SolutionGuid = {B4DDB55A-8413-4B19-AEEF-DD5A8B827573}
	EndGlobalSection
EndGlobal
