
Microsoft Visual Studio Solution File, Format Version 12.00
# Visual Studio Version 17
VisualStudioVersion = 17.0.32112.339
MinimumVisualStudioVersion = 10.0.40219.1
Project("{FAE04EC0-301F-11D3-BF4B-00C04F79EFBC}") = "StylesSample.Android", "StylesSample\StylesSample.Android\StylesSample.Android.csproj", "{B2214AE9-9A41-41DA-9724-87C5192690EA}"
EndProject
Project("{FAE04EC0-301F-11D3-BF4B-00C04F79EFBC}") = "StylesSample.iOS", "StylesSample\StylesSample.iOS\StylesSample.iOS.csproj", "{72D702DD-CAEC-4500-B382-4D96863E44ED}"
EndProject
Project("{9A19103F-16F7-4668-BE54-9A1E7A4F7556}") = "StylesSample", "StylesSample\StylesSample\StylesSample.csproj", "{6AB61639-BB07-46CE-AA86-19514AE37D70}"
EndProject
Project("{FAE04EC0-301F-11D3-BF4B-00C04F79EFBC}") = "StylesSample.UWP", "StylesSample\StylesSample.UWP\StylesSample.UWP.csproj", "{914B4F17-8907-4DFF-91A5-C646615B7446}"
EndProject
Global
	GlobalSection(SolutionConfigurationPlatforms) = preSolution
		Debug|Any CPU = Debug|Any CPU
		Debug|ARM = Debug|ARM
		Debug|iPhone = Debug|iPhone
		Debug|iPhoneSimulator = Debug|iPhoneSimulator
		Debug|x64 = Debug|x64
		Debug|x86 = Debug|x86
		Release|Any CPU = Release|Any CPU
		Release|ARM = Release|ARM
		Release|iPhone = Release|iPhone
		Release|iPhoneSimulator = Release|iPhoneSimulator
		Release|x64 = Release|x64
		Release|x86 = Release|x86
	EndGlobalSection
	GlobalSection(ProjectConfigurationPlatforms) = postSolution
		{B2214AE9-9A41-41DA-9724-87C5192690EA}.Debug|Any CPU.ActiveCfg = Debug|Any CPU
		{B2214AE9-9A41-41DA-9724-87C5192690EA}.Debug|Any CPU.Build.0 = Debug|Any CPU
		{B2214AE9-9A41-41DA-9724-87C5192690EA}.Debug|Any CPU.Deploy.0 = Debug|Any CPU
		{B2214AE9-9A41-41DA-9724-87C5192690EA}.Debug|ARM.ActiveCfg = Debug|Any CPU
		{B2214AE9-9A41-41DA-9724-87C5192690EA}.Debug|ARM.Build.0 = Debug|Any CPU
		{B2214AE9-9A41-41DA-9724-87C5192690EA}.Debug|ARM.Deploy.0 = Debug|Any CPU
		{B2214AE9-9A41-41DA-9724-87C5192690EA}.Debug|iPhone.ActiveCfg = Debug|Any CPU
		{B2214AE9-9A41-41DA-9724-87C5192690EA}.Debug|iPhone.Build.0 = Debug|Any CPU
		{B2214AE9-9A41-41DA-9724-87C5192690EA}.Debug|iPhone.Deploy.0 = Debug|Any CPU
		{B2214AE9-9A41-41DA-9724-87C5192690EA}.Debug|iPhoneSimulator.ActiveCfg = Debug|Any CPU
		{B2214AE9-9A41-41DA-9724-87C5192690EA}.Debug|iPhoneSimulator.Build.0 = Debug|Any CPU
		{B2214AE9-9A41-41DA-9724-87C5192690EA}.Debug|iPhoneSimulator.Deploy.0 = Debug|Any CPU
		{B2214AE9-9A41-41DA-9724-87C5192690EA}.Debug|x64.ActiveCfg = Debug|Any CPU
		{B2214AE9-9A41-41DA-9724-87C5192690EA}.Debug|x64.Build.0 = Debug|Any CPU
		{B2214AE9-9A41-41DA-9724-87C5192690EA}.Debug|x64.Deploy.0 = Debug|Any CPU
		{B2214AE9-9A41-41DA-9724-87C5192690EA}.Debug|x86.ActiveCfg = Debug|Any CPU
		{B2214AE9-9A41-41DA-9724-87C5192690EA}.Debug|x86.Build.0 = Debug|Any CPU
		{B2214AE9-9A41-41DA-9724-87C5192690EA}.Debug|x86.Deploy.0 = Debug|Any CPU
		{B2214AE9-9A41-41DA-9724-87C5192690EA}.Release|Any CPU.ActiveCfg = Release|Any CPU
		{B2214AE9-9A41-41DA-9724-87C5192690EA}.Release|Any CPU.Build.0 = Release|Any CPU
		{B2214AE9-9A41-41DA-9724-87C5192690EA}.Release|Any CPU.Deploy.0 = Release|Any CPU
		{B2214AE9-9A41-41DA-9724-87C5192690EA}.Release|ARM.ActiveCfg = Release|Any CPU
		{B2214AE9-9A41-41DA-9724-87C5192690EA}.Release|ARM.Build.0 = Release|Any CPU
		{B2214AE9-9A41-41DA-9724-87C5192690EA}.Release|ARM.Deploy.0 = Release|Any CPU
		{B2214AE9-9A41-41DA-9724-87C5192690EA}.Release|iPhone.ActiveCfg = Release|Any CPU
		{B2214AE9-9A41-41DA-9724-87C5192690EA}.Release|iPhone.Build.0 = Release|Any CPU
		{B2214AE9-9A41-41DA-9724-87C5192690EA}.Release|iPhone.Deploy.0 = Release|Any CPU
		{B2214AE9-9A41-41DA-9724-87C5192690EA}.Release|iPhoneSimulator.ActiveCfg = Release|Any CPU
		{B2214AE9-9A41-41DA-9724-87C5192690EA}.Release|iPhoneSimulator.Build.0 = Release|Any CPU
		{B2214AE9-9A41-41DA-9724-87C5192690EA}.Release|iPhoneSimulator.Deploy.0 = Release|Any CPU
		{B2214AE9-9A41-41DA-9724-87C5192690EA}.Release|x64.ActiveCfg = Release|Any CPU
		{B2214AE9-9A41-41DA-9724-87C5192690EA}.Release|x64.Build.0 = Release|Any CPU
		{B2214AE9-9A41-41DA-9724-87C5192690EA}.Release|x64.Deploy.0 = Release|Any CPU
		{B2214AE9-9A41-41DA-9724-87C5192690EA}.Release|x86.ActiveCfg = Release|Any CPU
		{B2214AE9-9A41-41DA-9724-87C5192690EA}.Release|x86.Build.0 = Release|Any CPU
		{B2214AE9-9A41-41DA-9724-87C5192690EA}.Release|x86.Deploy.0 = Release|Any CPU
		{72D702DD-CAEC-4500-B382-4D96863E44ED}.Debug|Any CPU.ActiveCfg = Debug|iPhone
		{72D702DD-CAEC-4500-B382-4D96863E44ED}.Debug|Any CPU.Build.0 = Debug|iPhone
		{72D702DD-CAEC-4500-B382-4D96863E44ED}.Debug|Any CPU.Deploy.0 = Debug|iPhone
		{72D702DD-CAEC-4500-B382-4D96863E44ED}.Debug|ARM.ActiveCfg = Debug|iPhoneSimulator
		{72D702DD-CAEC-4500-B382-4D96863E44ED}.Debug|ARM.Build.0 = Debug|iPhoneSimulator
		{72D702DD-CAEC-4500-B382-4D96863E44ED}.Debug|ARM.Deploy.0 = Debug|iPhoneSimulator
		{72D702DD-CAEC-4500-B382-4D96863E44ED}.Debug|iPhone.ActiveCfg = Debug|iPhone
		{72D702DD-CAEC-4500-B382-4D96863E44ED}.Debug|iPhone.Build.0 = Debug|iPhone
		{72D702DD-CAEC-4500-B382-4D96863E44ED}.Debug|iPhone.Deploy.0 = Debug|iPhone
		{72D702DD-CAEC-4500-B382-4D96863E44ED}.Debug|iPhoneSimulator.ActiveCfg = Debug|iPhoneSimulator
		{72D702DD-CAEC-4500-B382-4D96863E44ED}.Debug|iPhoneSimulator.Build.0 = Debug|iPhoneSimulator
		{72D702DD-CAEC-4500-B382-4D96863E44ED}.Debug|iPhoneSimulator.Deploy.0 = Debug|iPhoneSimulator
		{72D702DD-CAEC-4500-B382-4D96863E44ED}.Debug|x64.ActiveCfg = Debug|iPhoneSimulator
		{72D702DD-CAEC-4500-B382-4D96863E44ED}.Debug|x64.Build.0 = Debug|iPhoneSimulator
		{72D702DD-CAEC-4500-B382-4D96863E44ED}.Debug|x64.Deploy.0 = Debug|iPhoneSimulator
		{72D702DD-CAEC-4500-B382-4D96863E44ED}.Debug|x86.ActiveCfg = Debug|iPhoneSimulator
		{72D702DD-CAEC-4500-B382-4D96863E44ED}.Debug|x86.Build.0 = Debug|iPhoneSimulator
		{72D702DD-CAEC-4500-B382-4D96863E44ED}.Debug|x86.Deploy.0 = Debug|iPhoneSimulator
		{72D702DD-CAEC-4500-B382-4D96863E44ED}.Release|Any CPU.ActiveCfg = Release|iPhoneSimulator
		{72D702DD-CAEC-4500-B382-4D96863E44ED}.Release|Any CPU.Build.0 = Release|iPhoneSimulator
		{72D702DD-CAEC-4500-B382-4D96863E44ED}.Release|Any CPU.Deploy.0 = Release|iPhoneSimulator
		{72D702DD-CAEC-4500-B382-4D96863E44ED}.Release|ARM.ActiveCfg = Release|iPhone
		{72D702DD-CAEC-4500-B382-4D96863E44ED}.Release|ARM.Build.0 = Release|iPhone
		{72D702DD-CAEC-4500-B382-4D96863E44ED}.Release|ARM.Deploy.0 = Release|iPhone
		{72D702DD-CAEC-4500-B382-4D96863E44ED}.Release|iPhone.ActiveCfg = Release|iPhone
		{72D702DD-CAEC-4500-B382-4D96863E44ED}.Release|iPhone.Build.0 = Release|iPhone
		{72D702DD-CAEC-4500-B382-4D96863E44ED}.Release|iPhone.Deploy.0 = Release|iPhone
		{72D702DD-CAEC-4500-B382-4D96863E44ED}.Release|iPhoneSimulator.ActiveCfg = Release|iPhoneSimulator
		{72D702DD-CAEC-4500-B382-4D96863E44ED}.Release|iPhoneSimulator.Build.0 = Release|iPhoneSimulator
		{72D702DD-CAEC-4500-B382-4D96863E44ED}.Release|iPhoneSimulator.Deploy.0 = Release|iPhoneSimulator
		{72D702DD-CAEC-4500-B382-4D96863E44ED}.Release|x64.ActiveCfg = Release|iPhone
		{72D702DD-CAEC-4500-B382-4D96863E44ED}.Release|x64.Build.0 = Release|iPhone
		{72D702DD-CAEC-4500-B382-4D96863E44ED}.Release|x64.Deploy.0 = Release|iPhone
		{72D702DD-CAEC-4500-B382-4D96863E44ED}.Release|x86.ActiveCfg = Release|iPhone
		{72D702DD-CAEC-4500-B382-4D96863E44ED}.Release|x86.Build.0 = Release|iPhone
		{72D702DD-CAEC-4500-B382-4D96863E44ED}.Release|x86.Deploy.0 = Release|iPhone
		{6AB61639-BB07-46CE-AA86-19514AE37D70}.Debug|Any CPU.ActiveCfg = Debug|Any CPU
		{6AB61639-BB07-46CE-AA86-19514AE37D70}.Debug|Any CPU.Build.0 = Debug|Any CPU
		{6AB61639-BB07-46CE-AA86-19514AE37D70}.Debug|Any CPU.Deploy.0 = Debug|Any CPU
		{6AB61639-BB07-46CE-AA86-19514AE37D70}.Debug|ARM.ActiveCfg = Debug|Any CPU
		{6AB61639-BB07-46CE-AA86-19514AE37D70}.Debug|ARM.Build.0 = Debug|Any CPU
		{6AB61639-BB07-46CE-AA86-19514AE37D70}.Debug|iPhone.ActiveCfg = Debug|Any CPU
		{6AB61639-BB07-46CE-AA86-19514AE37D70}.Debug|iPhone.Build.0 = Debug|Any CPU
		{6AB61639-BB07-46CE-AA86-19514AE37D70}.Debug|iPhone.Deploy.0 = Debug|Any CPU
		{6AB61639-BB07-46CE-AA86-19514AE37D70}.Debug|iPhoneSimulator.ActiveCfg = Debug|Any CPU
		{6AB61639-BB07-46CE-AA86-19514AE37D70}.Debug|iPhoneSimulator.Build.0 = Debug|Any CPU
		{6AB61639-BB07-46CE-AA86-19514AE37D70}.Debug|iPhoneSimulator.Deploy.0 = Debug|Any CPU
		{6AB61639-BB07-46CE-AA86-19514AE37D70}.Debug|x64.ActiveCfg = Debug|Any CPU
		{6AB61639-BB07-46CE-AA86-19514AE37D70}.Debug|x64.Build.0 = Debug|Any CPU
		{6AB61639-BB07-46CE-AA86-19514AE37D70}.Debug|x86.ActiveCfg = Debug|Any CPU
		{6AB61639-BB07-46CE-AA86-19514AE37D70}.Debug|x86.Build.0 = Debug|Any CPU
		{6AB61639-BB07-46CE-AA86-19514AE37D70}.Release|Any CPU.ActiveCfg = Release|Any CPU
		{6AB61639-BB07-46CE-AA86-19514AE37D70}.Release|Any CPU.Build.0 = Release|Any CPU
		{6AB61639-BB07-46CE-AA86-19514AE37D70}.Release|Any CPU.Deploy.0 = Release|Any CPU
		{6AB61639-BB07-46CE-AA86-19514AE37D70}.Release|ARM.ActiveCfg = Release|Any CPU
		{6AB61639-BB07-46CE-AA86-19514AE37D70}.Release|ARM.Build.0 = Release|Any CPU
		{6AB61639-BB07-46CE-AA86-19514AE37D70}.Release|iPhone.ActiveCfg = Release|Any CPU
		{6AB61639-BB07-46CE-AA86-19514AE37D70}.Release|iPhone.Build.0 = Release|Any CPU
		{6AB61639-BB07-46CE-AA86-19514AE37D70}.Release|iPhone.Deploy.0 = Release|Any CPU
		{6AB61639-BB07-46CE-AA86-19514AE37D70}.Release|iPhoneSimulator.ActiveCfg = Release|Any CPU
		{6AB61639-BB07-46CE-AA86-19514AE37D70}.Release|iPhoneSimulator.Build.0 = Release|Any CPU
		{6AB61639-BB07-46CE-AA86-19514AE37D70}.Release|iPhoneSimulator.Deploy.0 = Release|Any CPU
		{6AB61639-BB07-46CE-AA86-19514AE37D70}.Release|x64.ActiveCfg = Release|Any CPU
		{6AB61639-BB07-46CE-AA86-19514AE37D70}.Release|x64.Build.0 = Release|Any CPU
		{6AB61639-BB07-46CE-AA86-19514AE37D70}.Release|x86.ActiveCfg = Release|Any CPU
		{6AB61639-BB07-46CE-AA86-19514AE37D70}.Release|x86.Build.0 = Release|Any CPU
		{914B4F17-8907-4DFF-91A5-C646615B7446}.Debug|Any CPU.ActiveCfg = Debug|x64
		{914B4F17-8907-4DFF-91A5-C646615B7446}.Debug|Any CPU.Build.0 = Debug|x64
		{914B4F17-8907-4DFF-91A5-C646615B7446}.Debug|Any CPU.Deploy.0 = Debug|x64
		{914B4F17-8907-4DFF-91A5-C646615B7446}.Debug|ARM.ActiveCfg = Debug|ARM
		{914B4F17-8907-4DFF-91A5-C646615B7446}.Debug|ARM.Build.0 = Debug|ARM
		{914B4F17-8907-4DFF-91A5-C646615B7446}.Debug|ARM.Deploy.0 = Debug|ARM
		{914B4F17-8907-4DFF-91A5-C646615B7446}.Debug|iPhone.ActiveCfg = Debug|x64
		{914B4F17-8907-4DFF-91A5-C646615B7446}.Debug|iPhone.Build.0 = Debug|x64
		{914B4F17-8907-4DFF-91A5-C646615B7446}.Debug|iPhone.Deploy.0 = Debug|x64
		{914B4F17-8907-4DFF-91A5-C646615B7446}.Debug|iPhoneSimulator.ActiveCfg = Debug|x64
		{914B4F17-8907-4DFF-91A5-C646615B7446}.Debug|iPhoneSimulator.Build.0 = Debug|x64
		{914B4F17-8907-4DFF-91A5-C646615B7446}.Debug|iPhoneSimulator.Deploy.0 = Debug|x64
		{914B4F17-8907-4DFF-91A5-C646615B7446}.Debug|x64.ActiveCfg = Debug|x64
		{914B4F17-8907-4DFF-91A5-C646615B7446}.Debug|x64.Build.0 = Debug|x64
		{914B4F17-8907-4DFF-91A5-C646615B7446}.Debug|x64.Deploy.0 = Debug|x64
		{914B4F17-8907-4DFF-91A5-C646615B7446}.Debug|x86.ActiveCfg = Debug|x86
		{914B4F17-8907-4DFF-91A5-C646615B7446}.Debug|x86.Build.0 = Debug|x86
		{914B4F17-8907-4DFF-91A5-C646615B7446}.Debug|x86.Deploy.0 = Debug|x86
		{914B4F17-8907-4DFF-91A5-C646615B7446}.Release|Any CPU.ActiveCfg = Release|x64
		{914B4F17-8907-4DFF-91A5-C646615B7446}.Release|Any CPU.Build.0 = Release|x64
		{914B4F17-8907-4DFF-91A5-C646615B7446}.Release|Any CPU.Deploy.0 = Release|x64
		{914B4F17-8907-4DFF-91A5-C646615B7446}.Release|ARM.ActiveCfg = Release|ARM
		{914B4F17-8907-4DFF-91A5-C646615B7446}.Release|ARM.Build.0 = Release|ARM
		{914B4F17-8907-4DFF-91A5-C646615B7446}.Release|ARM.Deploy.0 = Release|ARM
		{914B4F17-8907-4DFF-91A5-C646615B7446}.Release|iPhone.ActiveCfg = Release|x64
		{914B4F17-8907-4DFF-91A5-C646615B7446}.Release|iPhone.Build.0 = Release|x64
		{914B4F17-8907-4DFF-91A5-C646615B7446}.Release|iPhone.Deploy.0 = Release|x64
		{914B4F17-8907-4DFF-91A5-C646615B7446}.Release|iPhoneSimulator.ActiveCfg = Release|x64
		{914B4F17-8907-4DFF-91A5-C646615B7446}.Release|iPhoneSimulator.Build.0 = Release|x64
		{914B4F17-8907-4DFF-91A5-C646615B7446}.Release|iPhoneSimulator.Deploy.0 = Release|x64
		{914B4F17-8907-4DFF-91A5-C646615B7446}.Release|x64.ActiveCfg = Release|x64
		{914B4F17-8907-4DFF-91A5-C646615B7446}.Release|x64.Build.0 = Release|x64
		{914B4F17-8907-4DFF-91A5-C646615B7446}.Release|x64.Deploy.0 = Release|x64
		{914B4F17-8907-4DFF-91A5-C646615B7446}.Release|x86.ActiveCfg = Release|x86
		{914B4F17-8907-4DFF-91A5-C646615B7446}.Release|x86.Build.0 = Release|x86
		{914B4F17-8907-4DFF-91A5-C646615B7446}.Release|x86.Deploy.0 = Release|x86
	EndGlobalSection
	GlobalSection(SolutionProperties) = preSolution
		HideSolutionNode = FALSE
	EndGlobalSection
	GlobalSection(ExtensibilityGlobals) = postSolution
		SolutionGuid = {C325C5C4-3ABF-46E0-9AB1-DEA1F4BAC9CF}
	EndGlobalSection
EndGlobal
