
Microsoft Visual Studio Solution File, Format Version 12.00
# Visual Studio Version 17
VisualStudioVersion = 17.0.32112.339
MinimumVisualStudioVersion = 10.0.40219.1
Project("{FAE04EC0-301F-11D3-BF4B-00C04F79EFBC}") = "LocalDataSample.Android", "LocalDataSample\LocalDataSample.Android\LocalDataSample.Android.csproj", "{31BEF87E-172B-4BFE-A639-B2CC17DB136F}"
EndProject
Project("{FAE04EC0-301F-11D3-BF4B-00C04F79EFBC}") = "LocalDataSample.iOS", "LocalDataSample\LocalDataSample.iOS\LocalDataSample.iOS.csproj", "{FF14A813-D495-4511-976F-E405DE5EACC0}"
EndProject
Project("{9A19103F-16F7-4668-BE54-9A1E7A4F7556}") = "LocalDataSample", "LocalDataSample\LocalDataSample\LocalDataSample.csproj", "{20E4DD00-161E-40EA-9CB3-BE692EAF5019}"
EndProject
Project("{FAE04EC0-301F-11D3-BF4B-00C04F79EFBC}") = "LocalDataSample.UWP", "LocalDataSample\LocalDataSample.UWP\LocalDataSample.UWP.csproj", "{7B806574-E7C4-444A-A22A-5673ABA5994E}"
EndProject
Global
	GlobalSection(SolutionConfigurationPlatforms) = preSolution
		Debug|Any CPU = Debug|Any CPU
		Debug|ARM = Debug|ARM
		Debug|iPhone = Debug|iPhone
		Debug|iPhoneSimulator = Debug|iPhoneSimulator
		Debug|x64 = Debug|x64
		Debug|x86 = Debug|x86
		Release|Any CPU = Release|Any CPU
		Release|ARM = Release|ARM
		Release|iPhone = Release|iPhone
		Release|iPhoneSimulator = Release|iPhoneSimulator
		Release|x64 = Release|x64
		Release|x86 = Release|x86
	EndGlobalSection
	GlobalSection(ProjectConfigurationPlatforms) = postSolution
		{31BEF87E-172B-4BFE-A639-B2CC17DB136F}.Debug|Any CPU.ActiveCfg = Debug|Any CPU
		{31BEF87E-172B-4BFE-A639-B2CC17DB136F}.Debug|Any CPU.Build.0 = Debug|Any CPU
		{31BEF87E-172B-4BFE-A639-B2CC17DB136F}.Debug|Any CPU.Deploy.0 = Debug|Any CPU
		{31BEF87E-172B-4BFE-A639-B2CC17DB136F}.Debug|ARM.ActiveCfg = Debug|Any CPU
		{31BEF87E-172B-4BFE-A639-B2CC17DB136F}.Debug|ARM.Build.0 = Debug|Any CPU
		{31BEF87E-172B-4BFE-A639-B2CC17DB136F}.Debug|ARM.Deploy.0 = Debug|Any CPU
		{31BEF87E-172B-4BFE-A639-B2CC17DB136F}.Debug|iPhone.ActiveCfg = Debug|Any CPU
		{31BEF87E-172B-4BFE-A639-B2CC17DB136F}.Debug|iPhone.Build.0 = Debug|Any CPU
		{31BEF87E-172B-4BFE-A639-B2CC17DB136F}.Debug|iPhone.Deploy.0 = Debug|Any CPU
		{31BEF87E-172B-4BFE-A639-B2CC17DB136F}.Debug|iPhoneSimulator.ActiveCfg = Debug|Any CPU
		{31BEF87E-172B-4BFE-A639-B2CC17DB136F}.Debug|iPhoneSimulator.Build.0 = Debug|Any CPU
		{31BEF87E-172B-4BFE-A639-B2CC17DB136F}.Debug|iPhoneSimulator.Deploy.0 = Debug|Any CPU
		{31BEF87E-172B-4BFE-A639-B2CC17DB136F}.Debug|x64.ActiveCfg = Debug|Any CPU
		{31BEF87E-172B-4BFE-A639-B2CC17DB136F}.Debug|x64.Build.0 = Debug|Any CPU
		{31BEF87E-172B-4BFE-A639-B2CC17DB136F}.Debug|x64.Deploy.0 = Debug|Any CPU
		{31BEF87E-172B-4BFE-A639-B2CC17DB136F}.Debug|x86.ActiveCfg = Debug|Any CPU
		{31BEF87E-172B-4BFE-A639-B2CC17DB136F}.Debug|x86.Build.0 = Debug|Any CPU
		{31BEF87E-172B-4BFE-A639-B2CC17DB136F}.Debug|x86.Deploy.0 = Debug|Any CPU
		{31BEF87E-172B-4BFE-A639-B2CC17DB136F}.Release|Any CPU.ActiveCfg = Release|Any CPU
		{31BEF87E-172B-4BFE-A639-B2CC17DB136F}.Release|Any CPU.Build.0 = Release|Any CPU
		{31BEF87E-172B-4BFE-A639-B2CC17DB136F}.Release|Any CPU.Deploy.0 = Release|Any CPU
		{31BEF87E-172B-4BFE-A639-B2CC17DB136F}.Release|ARM.ActiveCfg = Release|Any CPU
		{31BEF87E-172B-4BFE-A639-B2CC17DB136F}.Release|ARM.Build.0 = Release|Any CPU
		{31BEF87E-172B-4BFE-A639-B2CC17DB136F}.Release|ARM.Deploy.0 = Release|Any CPU
		{31BEF87E-172B-4BFE-A639-B2CC17DB136F}.Release|iPhone.ActiveCfg = Release|Any CPU
		{31BEF87E-172B-4BFE-A639-B2CC17DB136F}.Release|iPhone.Build.0 = Release|Any CPU
		{31BEF87E-172B-4BFE-A639-B2CC17DB136F}.Release|iPhone.Deploy.0 = Release|Any CPU
		{31BEF87E-172B-4BFE-A639-B2CC17DB136F}.Release|iPhoneSimulator.ActiveCfg = Release|Any CPU
		{31BEF87E-172B-4BFE-A639-B2CC17DB136F}.Release|iPhoneSimulator.Build.0 = Release|Any CPU
		{31BEF87E-172B-4BFE-A639-B2CC17DB136F}.Release|iPhoneSimulator.Deploy.0 = Release|Any CPU
		{31BEF87E-172B-4BFE-A639-B2CC17DB136F}.Release|x64.ActiveCfg = Release|Any CPU
		{31BEF87E-172B-4BFE-A639-B2CC17DB136F}.Release|x64.Build.0 = Release|Any CPU
		{31BEF87E-172B-4BFE-A639-B2CC17DB136F}.Release|x64.Deploy.0 = Release|Any CPU
		{31BEF87E-172B-4BFE-A639-B2CC17DB136F}.Release|x86.ActiveCfg = Release|Any CPU
		{31BEF87E-172B-4BFE-A639-B2CC17DB136F}.Release|x86.Build.0 = Release|Any CPU
		{31BEF87E-172B-4BFE-A639-B2CC17DB136F}.Release|x86.Deploy.0 = Release|Any CPU
		{FF14A813-D495-4511-976F-E405DE5EACC0}.Debug|Any CPU.ActiveCfg = Debug|iPhone
		{FF14A813-D495-4511-976F-E405DE5EACC0}.Debug|Any CPU.Build.0 = Debug|iPhone
		{FF14A813-D495-4511-976F-E405DE5EACC0}.Debug|Any CPU.Deploy.0 = Debug|iPhone
		{FF14A813-D495-4511-976F-E405DE5EACC0}.Debug|ARM.ActiveCfg = Debug|iPhoneSimulator
		{FF14A813-D495-4511-976F-E405DE5EACC0}.Debug|ARM.Build.0 = Debug|iPhoneSimulator
		{FF14A813-D495-4511-976F-E405DE5EACC0}.Debug|iPhone.ActiveCfg = Debug|iPhone
		{FF14A813-D495-4511-976F-E405DE5EACC0}.Debug|iPhone.Build.0 = Debug|iPhone
		{FF14A813-D495-4511-976F-E405DE5EACC0}.Debug|iPhone.Deploy.0 = Debug|iPhone
		{FF14A813-D495-4511-976F-E405DE5EACC0}.Debug|iPhoneSimulator.ActiveCfg = Debug|iPhoneSimulator
		{FF14A813-D495-4511-976F-E405DE5EACC0}.Debug|iPhoneSimulator.Build.0 = Debug|iPhoneSimulator
		{FF14A813-D495-4511-976F-E405DE5EACC0}.Debug|iPhoneSimulator.Deploy.0 = Debug|iPhoneSimulator
		{FF14A813-D495-4511-976F-E405DE5EACC0}.Debug|x64.ActiveCfg = Debug|iPhoneSimulator
		{FF14A813-D495-4511-976F-E405DE5EACC0}.Debug|x64.Build.0 = Debug|iPhoneSimulator
		{FF14A813-D495-4511-976F-E405DE5EACC0}.Debug|x86.ActiveCfg = Debug|iPhoneSimulator
		{FF14A813-D495-4511-976F-E405DE5EACC0}.Debug|x86.Build.0 = Debug|iPhoneSimulator
		{FF14A813-D495-4511-976F-E405DE5EACC0}.Release|Any CPU.ActiveCfg = Release|iPhoneSimulator
		{FF14A813-D495-4511-976F-E405DE5EACC0}.Release|Any CPU.Build.0 = Release|iPhoneSimulator
		{FF14A813-D495-4511-976F-E405DE5EACC0}.Release|Any CPU.Deploy.0 = Release|iPhoneSimulator
		{FF14A813-D495-4511-976F-E405DE5EACC0}.Release|ARM.ActiveCfg = Release|iPhone
		{FF14A813-D495-4511-976F-E405DE5EACC0}.Release|ARM.Build.0 = Release|iPhone
		{FF14A813-D495-4511-976F-E405DE5EACC0}.Release|iPhone.ActiveCfg = Release|iPhone
		{FF14A813-D495-4511-976F-E405DE5EACC0}.Release|iPhone.Build.0 = Release|iPhone
		{FF14A813-D495-4511-976F-E405DE5EACC0}.Release|iPhone.Deploy.0 = Release|iPhone
		{FF14A813-D495-4511-976F-E405DE5EACC0}.Release|iPhoneSimulator.ActiveCfg = Release|iPhoneSimulator
		{FF14A813-D495-4511-976F-E405DE5EACC0}.Release|iPhoneSimulator.Build.0 = Release|iPhoneSimulator
		{FF14A813-D495-4511-976F-E405DE5EACC0}.Release|iPhoneSimulator.Deploy.0 = Release|iPhoneSimulator
		{FF14A813-D495-4511-976F-E405DE5EACC0}.Release|x64.ActiveCfg = Release|iPhone
		{FF14A813-D495-4511-976F-E405DE5EACC0}.Release|x64.Build.0 = Release|iPhone
		{FF14A813-D495-4511-976F-E405DE5EACC0}.Release|x86.ActiveCfg = Release|iPhone
		{FF14A813-D495-4511-976F-E405DE5EACC0}.Release|x86.Build.0 = Release|iPhone
		{20E4DD00-161E-40EA-9CB3-BE692EAF5019}.Debug|Any CPU.ActiveCfg = Debug|Any CPU
		{20E4DD00-161E-40EA-9CB3-BE692EAF5019}.Debug|Any CPU.Build.0 = Debug|Any CPU
		{20E4DD00-161E-40EA-9CB3-BE692EAF5019}.Debug|Any CPU.Deploy.0 = Debug|Any CPU
		{20E4DD00-161E-40EA-9CB3-BE692EAF5019}.Debug|ARM.ActiveCfg = Debug|Any CPU
		{20E4DD00-161E-40EA-9CB3-BE692EAF5019}.Debug|ARM.Build.0 = Debug|Any CPU
		{20E4DD00-161E-40EA-9CB3-BE692EAF5019}.Debug|iPhone.ActiveCfg = Debug|Any CPU
		{20E4DD00-161E-40EA-9CB3-BE692EAF5019}.Debug|iPhone.Build.0 = Debug|Any CPU
		{20E4DD00-161E-40EA-9CB3-BE692EAF5019}.Debug|iPhone.Deploy.0 = Debug|Any CPU
		{20E4DD00-161E-40EA-9CB3-BE692EAF5019}.Debug|iPhoneSimulator.ActiveCfg = Debug|Any CPU
		{20E4DD00-161E-40EA-9CB3-BE692EAF5019}.Debug|iPhoneSimulator.Build.0 = Debug|Any CPU
		{20E4DD00-161E-40EA-9CB3-BE692EAF5019}.Debug|iPhoneSimulator.Deploy.0 = Debug|Any CPU
		{20E4DD00-161E-40EA-9CB3-BE692EAF5019}.Debug|x64.ActiveCfg = Debug|Any CPU
		{20E4DD00-161E-40EA-9CB3-BE692EAF5019}.Debug|x64.Build.0 = Debug|Any CPU
		{20E4DD00-161E-40EA-9CB3-BE692EAF5019}.Debug|x86.ActiveCfg = Debug|Any CPU
		{20E4DD00-161E-40EA-9CB3-BE692EAF5019}.Debug|x86.Build.0 = Debug|Any CPU
		{20E4DD00-161E-40EA-9CB3-BE692EAF5019}.Release|Any CPU.ActiveCfg = Release|Any CPU
		{20E4DD00-161E-40EA-9CB3-BE692EAF5019}.Release|Any CPU.Build.0 = Release|Any CPU
		{20E4DD00-161E-40EA-9CB3-BE692EAF5019}.Release|Any CPU.Deploy.0 = Release|Any CPU
		{20E4DD00-161E-40EA-9CB3-BE692EAF5019}.Release|ARM.ActiveCfg = Release|Any CPU
		{20E4DD00-161E-40EA-9CB3-BE692EAF5019}.Release|ARM.Build.0 = Release|Any CPU
		{20E4DD00-161E-40EA-9CB3-BE692EAF5019}.Release|iPhone.ActiveCfg = Release|Any CPU
		{20E4DD00-161E-40EA-9CB3-BE692EAF5019}.Release|iPhone.Build.0 = Release|Any CPU
		{20E4DD00-161E-40EA-9CB3-BE692EAF5019}.Release|iPhone.Deploy.0 = Release|Any CPU
		{20E4DD00-161E-40EA-9CB3-BE692EAF5019}.Release|iPhoneSimulator.ActiveCfg = Release|Any CPU
		{20E4DD00-161E-40EA-9CB3-BE692EAF5019}.Release|iPhoneSimulator.Build.0 = Release|Any CPU
		{20E4DD00-161E-40EA-9CB3-BE692EAF5019}.Release|iPhoneSimulator.Deploy.0 = Release|Any CPU
		{20E4DD00-161E-40EA-9CB3-BE692EAF5019}.Release|x64.ActiveCfg = Release|Any CPU
		{20E4DD00-161E-40EA-9CB3-BE692EAF5019}.Release|x64.Build.0 = Release|Any CPU
		{20E4DD00-161E-40EA-9CB3-BE692EAF5019}.Release|x86.ActiveCfg = Release|Any CPU
		{20E4DD00-161E-40EA-9CB3-BE692EAF5019}.Release|x86.Build.0 = Release|Any CPU
		{7B806574-E7C4-444A-A22A-5673ABA5994E}.Debug|Any CPU.ActiveCfg = Debug|x64
		{7B806574-E7C4-444A-A22A-5673ABA5994E}.Debug|Any CPU.Build.0 = Debug|x64
		{7B806574-E7C4-444A-A22A-5673ABA5994E}.Debug|Any CPU.Deploy.0 = Debug|x64
		{7B806574-E7C4-444A-A22A-5673ABA5994E}.Debug|ARM.ActiveCfg = Debug|ARM
		{7B806574-E7C4-444A-A22A-5673ABA5994E}.Debug|ARM.Build.0 = Debug|ARM
		{7B806574-E7C4-444A-A22A-5673ABA5994E}.Debug|ARM.Deploy.0 = Debug|ARM
		{7B806574-E7C4-444A-A22A-5673ABA5994E}.Debug|iPhone.ActiveCfg = Debug|x64
		{7B806574-E7C4-444A-A22A-5673ABA5994E}.Debug|iPhone.Build.0 = Debug|x64
		{7B806574-E7C4-444A-A22A-5673ABA5994E}.Debug|iPhone.Deploy.0 = Debug|x64
		{7B806574-E7C4-444A-A22A-5673ABA5994E}.Debug|iPhoneSimulator.ActiveCfg = Debug|x64
		{7B806574-E7C4-444A-A22A-5673ABA5994E}.Debug|iPhoneSimulator.Build.0 = Debug|x64
		{7B806574-E7C4-444A-A22A-5673ABA5994E}.Debug|iPhoneSimulator.Deploy.0 = Debug|x64
		{7B806574-E7C4-444A-A22A-5673ABA5994E}.Debug|x64.ActiveCfg = Debug|x64
		{7B806574-E7C4-444A-A22A-5673ABA5994E}.Debug|x64.Build.0 = Debug|x64
		{7B806574-E7C4-444A-A22A-5673ABA5994E}.Debug|x64.Deploy.0 = Debug|x64
		{7B806574-E7C4-444A-A22A-5673ABA5994E}.Debug|x86.ActiveCfg = Debug|x86
		{7B806574-E7C4-444A-A22A-5673ABA5994E}.Debug|x86.Build.0 = Debug|x86
		{7B806574-E7C4-444A-A22A-5673ABA5994E}.Debug|x86.Deploy.0 = Debug|x86
		{7B806574-E7C4-444A-A22A-5673ABA5994E}.Release|Any CPU.ActiveCfg = Release|x64
		{7B806574-E7C4-444A-A22A-5673ABA5994E}.Release|Any CPU.Build.0 = Release|x64
		{7B806574-E7C4-444A-A22A-5673ABA5994E}.Release|Any CPU.Deploy.0 = Release|x64
		{7B806574-E7C4-444A-A22A-5673ABA5994E}.Release|ARM.ActiveCfg = Release|ARM
		{7B806574-E7C4-444A-A22A-5673ABA5994E}.Release|ARM.Build.0 = Release|ARM
		{7B806574-E7C4-444A-A22A-5673ABA5994E}.Release|ARM.Deploy.0 = Release|ARM
		{7B806574-E7C4-444A-A22A-5673ABA5994E}.Release|iPhone.ActiveCfg = Release|x64
		{7B806574-E7C4-444A-A22A-5673ABA5994E}.Release|iPhone.Build.0 = Release|x64
		{7B806574-E7C4-444A-A22A-5673ABA5994E}.Release|iPhone.Deploy.0 = Release|x64
		{7B806574-E7C4-444A-A22A-5673ABA5994E}.Release|iPhoneSimulator.ActiveCfg = Release|x64
		{7B806574-E7C4-444A-A22A-5673ABA5994E}.Release|iPhoneSimulator.Build.0 = Release|x64
		{7B806574-E7C4-444A-A22A-5673ABA5994E}.Release|iPhoneSimulator.Deploy.0 = Release|x64
		{7B806574-E7C4-444A-A22A-5673ABA5994E}.Release|x64.ActiveCfg = Release|x64
		{7B806574-E7C4-444A-A22A-5673ABA5994E}.Release|x64.Build.0 = Release|x64
		{7B806574-E7C4-444A-A22A-5673ABA5994E}.Release|x64.Deploy.0 = Release|x64
		{7B806574-E7C4-444A-A22A-5673ABA5994E}.Release|x86.ActiveCfg = Release|x86
		{7B806574-E7C4-444A-A22A-5673ABA5994E}.Release|x86.Build.0 = Release|x86
		{7B806574-E7C4-444A-A22A-5673ABA5994E}.Release|x86.Deploy.0 = Release|x86
	EndGlobalSection
	GlobalSection(SolutionProperties) = preSolution
		HideSolutionNode = FALSE
	EndGlobalSection
	GlobalSection(ExtensibilityGlobals) = postSolution
		SolutionGuid = {E6969D15-0FD2-46EB-B48C-7F737D15BE54}
	EndGlobalSection
EndGlobal
