
Microsoft Visual Studio Solution File, Format Version 12.00
# Visual Studio Version 17
VisualStudioVersion = 17.0.32112.339
MinimumVisualStudioVersion = 10.0.40219.1
Project("{FAE04EC0-301F-11D3-BF4B-00C04F79EFBC}") = "HierarchicalSample.Android", "HierarchicalSample\HierarchicalSample.Android\HierarchicalSample.Android.csproj", "{F7A85DC5-03ED-4FE6-B9D9-3E71C9A27C7D}"
EndProject
Project("{FAE04EC0-301F-11D3-BF4B-00C04F79EFBC}") = "HierarchicalSample.iOS", "HierarchicalSample\HierarchicalSample.iOS\HierarchicalSample.iOS.csproj", "{1802C02A-FBD2-4F0A-ACC8-DB2569082F2D}"
EndProject
Project("{9A19103F-16F7-4668-BE54-9A1E7A4F7556}") = "HierarchicalSample", "HierarchicalSample\HierarchicalSample\HierarchicalSample.csproj", "{E9223479-2A94-478C-9F94-AF8D996B55F7}"
EndProject
Project("{FAE04EC0-301F-11D3-BF4B-00C04F79EFBC}") = "HierarchicalSample.UWP", "HierarchicalSample\HierarchicalSample.UWP\HierarchicalSample.UWP.csproj", "{8C3E8758-81DC-4FC8-9F7E-F15A0F1C62FE}"
EndProject
Global
	GlobalSection(SolutionConfigurationPlatforms) = preSolution
		Debug|Any CPU = Debug|Any CPU
		Debug|ARM = Debug|ARM
		Debug|iPhone = Debug|iPhone
		Debug|iPhoneSimulator = Debug|iPhoneSimulator
		Debug|x64 = Debug|x64
		Debug|x86 = Debug|x86
		Release|Any CPU = Release|Any CPU
		Release|ARM = Release|ARM
		Release|iPhone = Release|iPhone
		Release|iPhoneSimulator = Release|iPhoneSimulator
		Release|x64 = Release|x64
		Release|x86 = Release|x86
	EndGlobalSection
	GlobalSection(ProjectConfigurationPlatforms) = postSolution
		{F7A85DC5-03ED-4FE6-B9D9-3E71C9A27C7D}.Debug|Any CPU.ActiveCfg = Debug|Any CPU
		{F7A85DC5-03ED-4FE6-B9D9-3E71C9A27C7D}.Debug|Any CPU.Build.0 = Debug|Any CPU
		{F7A85DC5-03ED-4FE6-B9D9-3E71C9A27C7D}.Debug|Any CPU.Deploy.0 = Debug|Any CPU
		{F7A85DC5-03ED-4FE6-B9D9-3E71C9A27C7D}.Debug|ARM.ActiveCfg = Debug|Any CPU
		{F7A85DC5-03ED-4FE6-B9D9-3E71C9A27C7D}.Debug|ARM.Build.0 = Debug|Any CPU
		{F7A85DC5-03ED-4FE6-B9D9-3E71C9A27C7D}.Debug|ARM.Deploy.0 = Debug|Any CPU
		{F7A85DC5-03ED-4FE6-B9D9-3E71C9A27C7D}.Debug|iPhone.ActiveCfg = Debug|Any CPU
		{F7A85DC5-03ED-4FE6-B9D9-3E71C9A27C7D}.Debug|iPhone.Build.0 = Debug|Any CPU
		{F7A85DC5-03ED-4FE6-B9D9-3E71C9A27C7D}.Debug|iPhone.Deploy.0 = Debug|Any CPU
		{F7A85DC5-03ED-4FE6-B9D9-3E71C9A27C7D}.Debug|iPhoneSimulator.ActiveCfg = Debug|Any CPU
		{F7A85DC5-03ED-4FE6-B9D9-3E71C9A27C7D}.Debug|iPhoneSimulator.Build.0 = Debug|Any CPU
		{F7A85DC5-03ED-4FE6-B9D9-3E71C9A27C7D}.Debug|iPhoneSimulator.Deploy.0 = Debug|Any CPU
		{F7A85DC5-03ED-4FE6-B9D9-3E71C9A27C7D}.Debug|x64.ActiveCfg = Debug|Any CPU
		{F7A85DC5-03ED-4FE6-B9D9-3E71C9A27C7D}.Debug|x64.Build.0 = Debug|Any CPU
		{F7A85DC5-03ED-4FE6-B9D9-3E71C9A27C7D}.Debug|x64.Deploy.0 = Debug|Any CPU
		{F7A85DC5-03ED-4FE6-B9D9-3E71C9A27C7D}.Debug|x86.ActiveCfg = Debug|Any CPU
		{F7A85DC5-03ED-4FE6-B9D9-3E71C9A27C7D}.Debug|x86.Build.0 = Debug|Any CPU
		{F7A85DC5-03ED-4FE6-B9D9-3E71C9A27C7D}.Debug|x86.Deploy.0 = Debug|Any CPU
		{F7A85DC5-03ED-4FE6-B9D9-3E71C9A27C7D}.Release|Any CPU.ActiveCfg = Release|Any CPU
		{F7A85DC5-03ED-4FE6-B9D9-3E71C9A27C7D}.Release|Any CPU.Build.0 = Release|Any CPU
		{F7A85DC5-03ED-4FE6-B9D9-3E71C9A27C7D}.Release|Any CPU.Deploy.0 = Release|Any CPU
		{F7A85DC5-03ED-4FE6-B9D9-3E71C9A27C7D}.Release|ARM.ActiveCfg = Release|Any CPU
		{F7A85DC5-03ED-4FE6-B9D9-3E71C9A27C7D}.Release|ARM.Build.0 = Release|Any CPU
		{F7A85DC5-03ED-4FE6-B9D9-3E71C9A27C7D}.Release|ARM.Deploy.0 = Release|Any CPU
		{F7A85DC5-03ED-4FE6-B9D9-3E71C9A27C7D}.Release|iPhone.ActiveCfg = Release|Any CPU
		{F7A85DC5-03ED-4FE6-B9D9-3E71C9A27C7D}.Release|iPhone.Build.0 = Release|Any CPU
		{F7A85DC5-03ED-4FE6-B9D9-3E71C9A27C7D}.Release|iPhone.Deploy.0 = Release|Any CPU
		{F7A85DC5-03ED-4FE6-B9D9-3E71C9A27C7D}.Release|iPhoneSimulator.ActiveCfg = Release|Any CPU
		{F7A85DC5-03ED-4FE6-B9D9-3E71C9A27C7D}.Release|iPhoneSimulator.Build.0 = Release|Any CPU
		{F7A85DC5-03ED-4FE6-B9D9-3E71C9A27C7D}.Release|iPhoneSimulator.Deploy.0 = Release|Any CPU
		{F7A85DC5-03ED-4FE6-B9D9-3E71C9A27C7D}.Release|x64.ActiveCfg = Release|Any CPU
		{F7A85DC5-03ED-4FE6-B9D9-3E71C9A27C7D}.Release|x64.Build.0 = Release|Any CPU
		{F7A85DC5-03ED-4FE6-B9D9-3E71C9A27C7D}.Release|x64.Deploy.0 = Release|Any CPU
		{F7A85DC5-03ED-4FE6-B9D9-3E71C9A27C7D}.Release|x86.ActiveCfg = Release|Any CPU
		{F7A85DC5-03ED-4FE6-B9D9-3E71C9A27C7D}.Release|x86.Build.0 = Release|Any CPU
		{F7A85DC5-03ED-4FE6-B9D9-3E71C9A27C7D}.Release|x86.Deploy.0 = Release|Any CPU
		{1802C02A-FBD2-4F0A-ACC8-DB2569082F2D}.Debug|Any CPU.ActiveCfg = Debug|iPhone
		{1802C02A-FBD2-4F0A-ACC8-DB2569082F2D}.Debug|Any CPU.Build.0 = Debug|iPhone
		{1802C02A-FBD2-4F0A-ACC8-DB2569082F2D}.Debug|Any CPU.Deploy.0 = Debug|iPhone
		{1802C02A-FBD2-4F0A-ACC8-DB2569082F2D}.Debug|ARM.ActiveCfg = Debug|iPhoneSimulator
		{1802C02A-FBD2-4F0A-ACC8-DB2569082F2D}.Debug|ARM.Build.0 = Debug|iPhoneSimulator
		{1802C02A-FBD2-4F0A-ACC8-DB2569082F2D}.Debug|iPhone.ActiveCfg = Debug|iPhone
		{1802C02A-FBD2-4F0A-ACC8-DB2569082F2D}.Debug|iPhone.Build.0 = Debug|iPhone
		{1802C02A-FBD2-4F0A-ACC8-DB2569082F2D}.Debug|iPhone.Deploy.0 = Debug|iPhone
		{1802C02A-FBD2-4F0A-ACC8-DB2569082F2D}.Debug|iPhoneSimulator.ActiveCfg = Debug|iPhoneSimulator
		{1802C02A-FBD2-4F0A-ACC8-DB2569082F2D}.Debug|iPhoneSimulator.Build.0 = Debug|iPhoneSimulator
		{1802C02A-FBD2-4F0A-ACC8-DB2569082F2D}.Debug|iPhoneSimulator.Deploy.0 = Debug|iPhoneSimulator
		{1802C02A-FBD2-4F0A-ACC8-DB2569082F2D}.Debug|x64.ActiveCfg = Debug|iPhoneSimulator
		{1802C02A-FBD2-4F0A-ACC8-DB2569082F2D}.Debug|x64.Build.0 = Debug|iPhoneSimulator
		{1802C02A-FBD2-4F0A-ACC8-DB2569082F2D}.Debug|x86.ActiveCfg = Debug|iPhoneSimulator
		{1802C02A-FBD2-4F0A-ACC8-DB2569082F2D}.Debug|x86.Build.0 = Debug|iPhoneSimulator
		{1802C02A-FBD2-4F0A-ACC8-DB2569082F2D}.Release|Any CPU.ActiveCfg = Release|iPhoneSimulator
		{1802C02A-FBD2-4F0A-ACC8-DB2569082F2D}.Release|Any CPU.Build.0 = Release|iPhoneSimulator
		{1802C02A-FBD2-4F0A-ACC8-DB2569082F2D}.Release|Any CPU.Deploy.0 = Release|iPhoneSimulator
		{1802C02A-FBD2-4F0A-ACC8-DB2569082F2D}.Release|ARM.ActiveCfg = Release|iPhone
		{1802C02A-FBD2-4F0A-ACC8-DB2569082F2D}.Release|ARM.Build.0 = Release|iPhone
		{1802C02A-FBD2-4F0A-ACC8-DB2569082F2D}.Release|iPhone.ActiveCfg = Release|iPhone
		{1802C02A-FBD2-4F0A-ACC8-DB2569082F2D}.Release|iPhone.Build.0 = Release|iPhone
		{1802C02A-FBD2-4F0A-ACC8-DB2569082F2D}.Release|iPhone.Deploy.0 = Release|iPhone
		{1802C02A-FBD2-4F0A-ACC8-DB2569082F2D}.Release|iPhoneSimulator.ActiveCfg = Release|iPhoneSimulator
		{1802C02A-FBD2-4F0A-ACC8-DB2569082F2D}.Release|iPhoneSimulator.Build.0 = Release|iPhoneSimulator
		{1802C02A-FBD2-4F0A-ACC8-DB2569082F2D}.Release|iPhoneSimulator.Deploy.0 = Release|iPhoneSimulator
		{1802C02A-FBD2-4F0A-ACC8-DB2569082F2D}.Release|x64.ActiveCfg = Release|iPhone
		{1802C02A-FBD2-4F0A-ACC8-DB2569082F2D}.Release|x64.Build.0 = Release|iPhone
		{1802C02A-FBD2-4F0A-ACC8-DB2569082F2D}.Release|x86.ActiveCfg = Release|iPhone
		{1802C02A-FBD2-4F0A-ACC8-DB2569082F2D}.Release|x86.Build.0 = Release|iPhone
		{E9223479-2A94-478C-9F94-AF8D996B55F7}.Debug|Any CPU.ActiveCfg = Debug|Any CPU
		{E9223479-2A94-478C-9F94-AF8D996B55F7}.Debug|Any CPU.Build.0 = Debug|Any CPU
		{E9223479-2A94-478C-9F94-AF8D996B55F7}.Debug|Any CPU.Deploy.0 = Debug|Any CPU
		{E9223479-2A94-478C-9F94-AF8D996B55F7}.Debug|ARM.ActiveCfg = Debug|Any CPU
		{E9223479-2A94-478C-9F94-AF8D996B55F7}.Debug|ARM.Build.0 = Debug|Any CPU
		{E9223479-2A94-478C-9F94-AF8D996B55F7}.Debug|iPhone.ActiveCfg = Debug|Any CPU
		{E9223479-2A94-478C-9F94-AF8D996B55F7}.Debug|iPhone.Build.0 = Debug|Any CPU
		{E9223479-2A94-478C-9F94-AF8D996B55F7}.Debug|iPhone.Deploy.0 = Debug|Any CPU
		{E9223479-2A94-478C-9F94-AF8D996B55F7}.Debug|iPhoneSimulator.ActiveCfg = Debug|Any CPU
		{E9223479-2A94-478C-9F94-AF8D996B55F7}.Debug|iPhoneSimulator.Build.0 = Debug|Any CPU
		{E9223479-2A94-478C-9F94-AF8D996B55F7}.Debug|iPhoneSimulator.Deploy.0 = Debug|Any CPU
		{E9223479-2A94-478C-9F94-AF8D996B55F7}.Debug|x64.ActiveCfg = Debug|Any CPU
		{E9223479-2A94-478C-9F94-AF8D996B55F7}.Debug|x64.Build.0 = Debug|Any CPU
		{E9223479-2A94-478C-9F94-AF8D996B55F7}.Debug|x86.ActiveCfg = Debug|Any CPU
		{E9223479-2A94-478C-9F94-AF8D996B55F7}.Debug|x86.Build.0 = Debug|Any CPU
		{E9223479-2A94-478C-9F94-AF8D996B55F7}.Release|Any CPU.ActiveCfg = Release|Any CPU
		{E9223479-2A94-478C-9F94-AF8D996B55F7}.Release|Any CPU.Build.0 = Release|Any CPU
		{E9223479-2A94-478C-9F94-AF8D996B55F7}.Release|Any CPU.Deploy.0 = Release|Any CPU
		{E9223479-2A94-478C-9F94-AF8D996B55F7}.Release|ARM.ActiveCfg = Release|Any CPU
		{E9223479-2A94-478C-9F94-AF8D996B55F7}.Release|ARM.Build.0 = Release|Any CPU
		{E9223479-2A94-478C-9F94-AF8D996B55F7}.Release|iPhone.ActiveCfg = Release|Any CPU
		{E9223479-2A94-478C-9F94-AF8D996B55F7}.Release|iPhone.Build.0 = Release|Any CPU
		{E9223479-2A94-478C-9F94-AF8D996B55F7}.Release|iPhone.Deploy.0 = Release|Any CPU
		{E9223479-2A94-478C-9F94-AF8D996B55F7}.Release|iPhoneSimulator.ActiveCfg = Release|Any CPU
		{E9223479-2A94-478C-9F94-AF8D996B55F7}.Release|iPhoneSimulator.Build.0 = Release|Any CPU
		{E9223479-2A94-478C-9F94-AF8D996B55F7}.Release|iPhoneSimulator.Deploy.0 = Release|Any CPU
		{E9223479-2A94-478C-9F94-AF8D996B55F7}.Release|x64.ActiveCfg = Release|Any CPU
		{E9223479-2A94-478C-9F94-AF8D996B55F7}.Release|x64.Build.0 = Release|Any CPU
		{E9223479-2A94-478C-9F94-AF8D996B55F7}.Release|x86.ActiveCfg = Release|Any CPU
		{E9223479-2A94-478C-9F94-AF8D996B55F7}.Release|x86.Build.0 = Release|Any CPU
		{8C3E8758-81DC-4FC8-9F7E-F15A0F1C62FE}.Debug|Any CPU.ActiveCfg = Debug|x64
		{8C3E8758-81DC-4FC8-9F7E-F15A0F1C62FE}.Debug|Any CPU.Build.0 = Debug|x64
		{8C3E8758-81DC-4FC8-9F7E-F15A0F1C62FE}.Debug|Any CPU.Deploy.0 = Debug|x64
		{8C3E8758-81DC-4FC8-9F7E-F15A0F1C62FE}.Debug|ARM.ActiveCfg = Debug|ARM
		{8C3E8758-81DC-4FC8-9F7E-F15A0F1C62FE}.Debug|ARM.Build.0 = Debug|ARM
		{8C3E8758-81DC-4FC8-9F7E-F15A0F1C62FE}.Debug|ARM.Deploy.0 = Debug|ARM
		{8C3E8758-81DC-4FC8-9F7E-F15A0F1C62FE}.Debug|iPhone.ActiveCfg = Debug|x64
		{8C3E8758-81DC-4FC8-9F7E-F15A0F1C62FE}.Debug|iPhone.Build.0 = Debug|x64
		{8C3E8758-81DC-4FC8-9F7E-F15A0F1C62FE}.Debug|iPhone.Deploy.0 = Debug|x64
		{8C3E8758-81DC-4FC8-9F7E-F15A0F1C62FE}.Debug|iPhoneSimulator.ActiveCfg = Debug|x64
		{8C3E8758-81DC-4FC8-9F7E-F15A0F1C62FE}.Debug|iPhoneSimulator.Build.0 = Debug|x64
		{8C3E8758-81DC-4FC8-9F7E-F15A0F1C62FE}.Debug|iPhoneSimulator.Deploy.0 = Debug|x64
		{8C3E8758-81DC-4FC8-9F7E-F15A0F1C62FE}.Debug|x64.ActiveCfg = Debug|x64
		{8C3E8758-81DC-4FC8-9F7E-F15A0F1C62FE}.Debug|x64.Build.0 = Debug|x64
		{8C3E8758-81DC-4FC8-9F7E-F15A0F1C62FE}.Debug|x64.Deploy.0 = Debug|x64
		{8C3E8758-81DC-4FC8-9F7E-F15A0F1C62FE}.Debug|x86.ActiveCfg = Debug|x86
		{8C3E8758-81DC-4FC8-9F7E-F15A0F1C62FE}.Debug|x86.Build.0 = Debug|x86
		{8C3E8758-81DC-4FC8-9F7E-F15A0F1C62FE}.Debug|x86.Deploy.0 = Debug|x86
		{8C3E8758-81DC-4FC8-9F7E-F15A0F1C62FE}.Release|Any CPU.ActiveCfg = Release|x64
		{8C3E8758-81DC-4FC8-9F7E-F15A0F1C62FE}.Release|Any CPU.Build.0 = Release|x64
		{8C3E8758-81DC-4FC8-9F7E-F15A0F1C62FE}.Release|Any CPU.Deploy.0 = Release|x64
		{8C3E8758-81DC-4FC8-9F7E-F15A0F1C62FE}.Release|ARM.ActiveCfg = Release|ARM
		{8C3E8758-81DC-4FC8-9F7E-F15A0F1C62FE}.Release|ARM.Build.0 = Release|ARM
		{8C3E8758-81DC-4FC8-9F7E-F15A0F1C62FE}.Release|ARM.Deploy.0 = Release|ARM
		{8C3E8758-81DC-4FC8-9F7E-F15A0F1C62FE}.Release|iPhone.ActiveCfg = Release|x64
		{8C3E8758-81DC-4FC8-9F7E-F15A0F1C62FE}.Release|iPhone.Build.0 = Release|x64
		{8C3E8758-81DC-4FC8-9F7E-F15A0F1C62FE}.Release|iPhone.Deploy.0 = Release|x64
		{8C3E8758-81DC-4FC8-9F7E-F15A0F1C62FE}.Release|iPhoneSimulator.ActiveCfg = Release|x64
		{8C3E8758-81DC-4FC8-9F7E-F15A0F1C62FE}.Release|iPhoneSimulator.Build.0 = Release|x64
		{8C3E8758-81DC-4FC8-9F7E-F15A0F1C62FE}.Release|iPhoneSimulator.Deploy.0 = Release|x64
		{8C3E8758-81DC-4FC8-9F7E-F15A0F1C62FE}.Release|x64.ActiveCfg = Release|x64
		{8C3E8758-81DC-4FC8-9F7E-F15A0F1C62FE}.Release|x64.Build.0 = Release|x64
		{8C3E8758-81DC-4FC8-9F7E-F15A0F1C62FE}.Release|x64.Deploy.0 = Release|x64
		{8C3E8758-81DC-4FC8-9F7E-F15A0F1C62FE}.Release|x86.ActiveCfg = Release|x86
		{8C3E8758-81DC-4FC8-9F7E-F15A0F1C62FE}.Release|x86.Build.0 = Release|x86
		{8C3E8758-81DC-4FC8-9F7E-F15A0F1C62FE}.Release|x86.Deploy.0 = Release|x86
	EndGlobalSection
	GlobalSection(SolutionProperties) = preSolution
		HideSolutionNode = FALSE
	EndGlobalSection
	GlobalSection(ExtensibilityGlobals) = postSolution
		SolutionGuid = {520CFA0C-5A9E-4433-B7CA-CAD6992F6B78}
	EndGlobalSection
EndGlobal
