
Microsoft Visual Studio Solution File, Format Version 12.00
# Visual Studio Version 16
VisualStudioVersion = 16.0.31112.23
MinimumVisualStudioVersion = 10.0.40219.1
Project("{FAE04EC0-301F-11D3-BF4B-00C04F79EFBC}") = "ElVegetarianoFurio.Android", "ElVegetarianoFurio\ElVegetarianoFurio.Android\ElVegetarianoFurio.Android.csproj", "{0242DDC8-619B-4CC1-A45A-20D69F772DD0}"
EndProject
Project("{FAE04EC0-301F-11D3-BF4B-00C04F79EFBC}") = "ElVegetarianoFurio.iOS", "ElVegetarianoFurio\ElVegetarianoFurio.iOS\ElVegetarianoFurio.iOS.csproj", "{16ACA3BE-640F-43F1-8E12-215DA657C578}"
EndProject
Project("{FAE04EC0-301F-11D3-BF4B-00C04F79EFBC}") = "ElVegetarianoFurio", "ElVegetarianoFurio\ElVegetarianoFurio\ElVegetarianoFurio.csproj", "{AAA1B263-B5D0-4319-B5F5-0CA3366DA3EC}"
EndProject
Global
	GlobalSection(SolutionConfigurationPlatforms) = preSolution
		Debug|Any CPU = Debug|Any CPU
		Debug|iPhone = Debug|iPhone
		Debug|iPhoneSimulator = Debug|iPhoneSimulator
		Release|Any CPU = Release|Any CPU
		Release|iPhone = Release|iPhone
		Release|iPhoneSimulator = Release|iPhoneSimulator
	EndGlobalSection
	GlobalSection(ProjectConfigurationPlatforms) = postSolution
		{0242DDC8-619B-4CC1-A45A-20D69F772DD0}.Debug|Any CPU.ActiveCfg = Debug|Any CPU
		{0242DDC8-619B-4CC1-A45A-20D69F772DD0}.Debug|Any CPU.Build.0 = Debug|Any CPU
		{0242DDC8-619B-4CC1-A45A-20D69F772DD0}.Debug|Any CPU.Deploy.0 = Debug|Any CPU
		{0242DDC8-619B-4CC1-A45A-20D69F772DD0}.Debug|iPhone.ActiveCfg = Debug|Any CPU
		{0242DDC8-619B-4CC1-A45A-20D69F772DD0}.Debug|iPhone.Build.0 = Debug|Any CPU
		{0242DDC8-619B-4CC1-A45A-20D69F772DD0}.Debug|iPhone.Deploy.0 = Debug|Any CPU
		{0242DDC8-619B-4CC1-A45A-20D69F772DD0}.Debug|iPhoneSimulator.ActiveCfg = Debug|Any CPU
		{0242DDC8-619B-4CC1-A45A-20D69F772DD0}.Debug|iPhoneSimulator.Build.0 = Debug|Any CPU
		{0242DDC8-619B-4CC1-A45A-20D69F772DD0}.Debug|iPhoneSimulator.Deploy.0 = Debug|Any CPU
		{0242DDC8-619B-4CC1-A45A-20D69F772DD0}.Release|Any CPU.ActiveCfg = Release|Any CPU
		{0242DDC8-619B-4CC1-A45A-20D69F772DD0}.Release|Any CPU.Build.0 = Release|Any CPU
		{0242DDC8-619B-4CC1-A45A-20D69F772DD0}.Release|Any CPU.Deploy.0 = Release|Any CPU
		{0242DDC8-619B-4CC1-A45A-20D69F772DD0}.Release|iPhone.ActiveCfg = Release|Any CPU
		{0242DDC8-619B-4CC1-A45A-20D69F772DD0}.Release|iPhone.Build.0 = Release|Any CPU
		{0242DDC8-619B-4CC1-A45A-20D69F772DD0}.Release|iPhone.Deploy.0 = Release|Any CPU
		{0242DDC8-619B-4CC1-A45A-20D69F772DD0}.Release|iPhoneSimulator.ActiveCfg = Release|Any CPU
		{0242DDC8-619B-4CC1-A45A-20D69F772DD0}.Release|iPhoneSimulator.Build.0 = Release|Any CPU
		{0242DDC8-619B-4CC1-A45A-20D69F772DD0}.Release|iPhoneSimulator.Deploy.0 = Release|Any CPU
		{16ACA3BE-640F-43F1-8E12-215DA657C578}.Debug|Any CPU.ActiveCfg = Debug|iPhone
		{16ACA3BE-640F-43F1-8E12-215DA657C578}.Debug|Any CPU.Build.0 = Debug|iPhone
		{16ACA3BE-640F-43F1-8E12-215DA657C578}.Debug|Any CPU.Deploy.0 = Debug|iPhone
		{16ACA3BE-640F-43F1-8E12-215DA657C578}.Debug|iPhone.ActiveCfg = Debug|iPhone
		{16ACA3BE-640F-43F1-8E12-215DA657C578}.Debug|iPhone.Build.0 = Debug|iPhone
		{16ACA3BE-640F-43F1-8E12-215DA657C578}.Debug|iPhone.Deploy.0 = Debug|iPhone
		{16ACA3BE-640F-43F1-8E12-215DA657C578}.Debug|iPhoneSimulator.ActiveCfg = Debug|iPhoneSimulator
		{16ACA3BE-640F-43F1-8E12-215DA657C578}.Debug|iPhoneSimulator.Build.0 = Debug|iPhoneSimulator
		{16ACA3BE-640F-43F1-8E12-215DA657C578}.Debug|iPhoneSimulator.Deploy.0 = Debug|iPhoneSimulator
		{16ACA3BE-640F-43F1-8E12-215DA657C578}.Release|Any CPU.ActiveCfg = Release|iPhoneSimulator
		{16ACA3BE-640F-43F1-8E12-215DA657C578}.Release|Any CPU.Build.0 = Release|iPhoneSimulator
		{16ACA3BE-640F-43F1-8E12-215DA657C578}.Release|Any CPU.Deploy.0 = Release|iPhoneSimulator
		{16ACA3BE-640F-43F1-8E12-215DA657C578}.Release|iPhone.ActiveCfg = Release|iPhone
		{16ACA3BE-640F-43F1-8E12-215DA657C578}.Release|iPhone.Build.0 = Release|iPhone
		{16ACA3BE-640F-43F1-8E12-215DA657C578}.Release|iPhone.Deploy.0 = Release|iPhone
		{16ACA3BE-640F-43F1-8E12-215DA657C578}.Release|iPhoneSimulator.ActiveCfg = Release|iPhoneSimulator
		{16ACA3BE-640F-43F1-8E12-215DA657C578}.Release|iPhoneSimulator.Build.0 = Release|iPhoneSimulator
		{16ACA3BE-640F-43F1-8E12-215DA657C578}.Release|iPhoneSimulator.Deploy.0 = Release|iPhoneSimulator
		{AAA1B263-B5D0-4319-B5F5-0CA3366DA3EC}.Debug|Any CPU.ActiveCfg = Debug|Any CPU
		{AAA1B263-B5D0-4319-B5F5-0CA3366DA3EC}.Debug|Any CPU.Build.0 = Debug|Any CPU
		{AAA1B263-B5D0-4319-B5F5-0CA3366DA3EC}.Debug|Any CPU.Deploy.0 = Debug|Any CPU
		{AAA1B263-B5D0-4319-B5F5-0CA3366DA3EC}.Debug|iPhone.ActiveCfg = Debug|Any CPU
		{AAA1B263-B5D0-4319-B5F5-0CA3366DA3EC}.Debug|iPhone.Build.0 = Debug|Any CPU
		{AAA1B263-B5D0-4319-B5F5-0CA3366DA3EC}.Debug|iPhone.Deploy.0 = Debug|Any CPU
		{AAA1B263-B5D0-4319-B5F5-0CA3366DA3EC}.Debug|iPhoneSimulator.ActiveCfg = Debug|Any CPU
		{AAA1B263-B5D0-4319-B5F5-0CA3366DA3EC}.Debug|iPhoneSimulator.Build.0 = Debug|Any CPU
		{AAA1B263-B5D0-4319-B5F5-0CA3366DA3EC}.Debug|iPhoneSimulator.Deploy.0 = Debug|Any CPU
		{AAA1B263-B5D0-4319-B5F5-0CA3366DA3EC}.Release|Any CPU.ActiveCfg = Release|Any CPU
		{AAA1B263-B5D0-4319-B5F5-0CA3366DA3EC}.Release|Any CPU.Build.0 = Release|Any CPU
		{AAA1B263-B5D0-4319-B5F5-0CA3366DA3EC}.Release|Any CPU.Deploy.0 = Release|Any CPU
		{AAA1B263-B5D0-4319-B5F5-0CA3366DA3EC}.Release|iPhone.ActiveCfg = Release|Any CPU
		{AAA1B263-B5D0-4319-B5F5-0CA3366DA3EC}.Release|iPhone.Build.0 = Release|Any CPU
		{AAA1B263-B5D0-4319-B5F5-0CA3366DA3EC}.Release|iPhone.Deploy.0 = Release|Any CPU
		{AAA1B263-B5D0-4319-B5F5-0CA3366DA3EC}.Release|iPhoneSimulator.ActiveCfg = Release|Any CPU
		{AAA1B263-B5D0-4319-B5F5-0CA3366DA3EC}.Release|iPhoneSimulator.Build.0 = Release|Any CPU
		{AAA1B263-B5D0-4319-B5F5-0CA3366DA3EC}.Release|iPhoneSimulator.Deploy.0 = Release|Any CPU
	EndGlobalSection
	GlobalSection(SolutionProperties) = preSolution
		HideSolutionNode = FALSE
	EndGlobalSection
	GlobalSection(ExtensibilityGlobals) = postSolution
		SolutionGuid = {E08E649E-A903-4364-8D6A-99A2BC005D43}
	EndGlobalSection
EndGlobal
