
Microsoft Visual Studio Solution File, Format Version 12.00
# Visual Studio Version 17
VisualStudioVersion = 17.0.32112.339
MinimumVisualStudioVersion = 10.0.40219.1
Project("{FAE04EC0-301F-11D3-BF4B-00C04F79EFBC}") = "SharedDemo.Android", "SharedDemo\SharedDemo.Android\SharedDemo.Android.csproj", "{38FFD5B3-A789-4CA0-A310-C0DFC4C68E60}"
EndProject
Project("{FAE04EC0-301F-11D3-BF4B-00C04F79EFBC}") = "SharedDemo.iOS", "SharedDemo\SharedDemo.iOS\SharedDemo.iOS.csproj", "{4A30447A-D545-4582-8720-0F34F21043EF}"
EndProject
Project("{D954291E-2A0B-460D-934E-DC6B0785DB48}") = "SharedDemo.SharedProject", "SharedDemo.SharedProject\SharedDemo.SharedProject.shproj", "{BAA1C3DD-8380-4FA5-B807-50EFCC3F66BE}"
EndProject
Project("{FAE04EC0-301F-11D3-BF4B-00C04F79EFBC}") = "SharedDemo.UWP", "SharedDemo\SharedDemo.UWP\SharedDemo.UWP.csproj", "{5F55B346-DABC-4520-A84E-5C166B5FE057}"
EndProject
Global
	GlobalSection(SharedMSBuildProjectFiles) = preSolution
		SharedDemo.SharedProject\SharedDemo.SharedProject.projitems*{38ffd5b3-a789-4ca0-a310-c0dfc4c68e60}*SharedItemsImports = 4
		SharedDemo.SharedProject\SharedDemo.SharedProject.projitems*{4a30447a-d545-4582-8720-0f34f21043ef}*SharedItemsImports = 4
		SharedDemo.SharedProject\SharedDemo.SharedProject.projitems*{5f55b346-dabc-4520-a84e-5c166b5fe057}*SharedItemsImports = 4
		SharedDemo.SharedProject\SharedDemo.SharedProject.projitems*{baa1c3dd-8380-4fa5-b807-50efcc3f66be}*SharedItemsImports = 13
	EndGlobalSection
	GlobalSection(SolutionConfigurationPlatforms) = preSolution
		Debug|Any CPU = Debug|Any CPU
		Debug|ARM = Debug|ARM
		Debug|iPhone = Debug|iPhone
		Debug|iPhoneSimulator = Debug|iPhoneSimulator
		Debug|x64 = Debug|x64
		Debug|x86 = Debug|x86
		Release|Any CPU = Release|Any CPU
		Release|ARM = Release|ARM
		Release|iPhone = Release|iPhone
		Release|iPhoneSimulator = Release|iPhoneSimulator
		Release|x64 = Release|x64
		Release|x86 = Release|x86
	EndGlobalSection
	GlobalSection(ProjectConfigurationPlatforms) = postSolution
		{38FFD5B3-A789-4CA0-A310-C0DFC4C68E60}.Debug|Any CPU.ActiveCfg = Debug|Any CPU
		{38FFD5B3-A789-4CA0-A310-C0DFC4C68E60}.Debug|Any CPU.Build.0 = Debug|Any CPU
		{38FFD5B3-A789-4CA0-A310-C0DFC4C68E60}.Debug|Any CPU.Deploy.0 = Debug|Any CPU
		{38FFD5B3-A789-4CA0-A310-C0DFC4C68E60}.Debug|ARM.ActiveCfg = Debug|Any CPU
		{38FFD5B3-A789-4CA0-A310-C0DFC4C68E60}.Debug|ARM.Build.0 = Debug|Any CPU
		{38FFD5B3-A789-4CA0-A310-C0DFC4C68E60}.Debug|ARM.Deploy.0 = Debug|Any CPU
		{38FFD5B3-A789-4CA0-A310-C0DFC4C68E60}.Debug|iPhone.ActiveCfg = Debug|Any CPU
		{38FFD5B3-A789-4CA0-A310-C0DFC4C68E60}.Debug|iPhone.Build.0 = Debug|Any CPU
		{38FFD5B3-A789-4CA0-A310-C0DFC4C68E60}.Debug|iPhone.Deploy.0 = Debug|Any CPU
		{38FFD5B3-A789-4CA0-A310-C0DFC4C68E60}.Debug|iPhoneSimulator.ActiveCfg = Debug|Any CPU
		{38FFD5B3-A789-4CA0-A310-C0DFC4C68E60}.Debug|iPhoneSimulator.Build.0 = Debug|Any CPU
		{38FFD5B3-A789-4CA0-A310-C0DFC4C68E60}.Debug|iPhoneSimulator.Deploy.0 = Debug|Any CPU
		{38FFD5B3-A789-4CA0-A310-C0DFC4C68E60}.Debug|x64.ActiveCfg = Debug|Any CPU
		{38FFD5B3-A789-4CA0-A310-C0DFC4C68E60}.Debug|x64.Build.0 = Debug|Any CPU
		{38FFD5B3-A789-4CA0-A310-C0DFC4C68E60}.Debug|x64.Deploy.0 = Debug|Any CPU
		{38FFD5B3-A789-4CA0-A310-C0DFC4C68E60}.Debug|x86.ActiveCfg = Debug|Any CPU
		{38FFD5B3-A789-4CA0-A310-C0DFC4C68E60}.Debug|x86.Build.0 = Debug|Any CPU
		{38FFD5B3-A789-4CA0-A310-C0DFC4C68E60}.Debug|x86.Deploy.0 = Debug|Any CPU
		{38FFD5B3-A789-4CA0-A310-C0DFC4C68E60}.Release|Any CPU.ActiveCfg = Release|Any CPU
		{38FFD5B3-A789-4CA0-A310-C0DFC4C68E60}.Release|Any CPU.Build.0 = Release|Any CPU
		{38FFD5B3-A789-4CA0-A310-C0DFC4C68E60}.Release|Any CPU.Deploy.0 = Release|Any CPU
		{38FFD5B3-A789-4CA0-A310-C0DFC4C68E60}.Release|ARM.ActiveCfg = Release|Any CPU
		{38FFD5B3-A789-4CA0-A310-C0DFC4C68E60}.Release|ARM.Build.0 = Release|Any CPU
		{38FFD5B3-A789-4CA0-A310-C0DFC4C68E60}.Release|ARM.Deploy.0 = Release|Any CPU
		{38FFD5B3-A789-4CA0-A310-C0DFC4C68E60}.Release|iPhone.ActiveCfg = Release|Any CPU
		{38FFD5B3-A789-4CA0-A310-C0DFC4C68E60}.Release|iPhone.Build.0 = Release|Any CPU
		{38FFD5B3-A789-4CA0-A310-C0DFC4C68E60}.Release|iPhone.Deploy.0 = Release|Any CPU
		{38FFD5B3-A789-4CA0-A310-C0DFC4C68E60}.Release|iPhoneSimulator.ActiveCfg = Release|Any CPU
		{38FFD5B3-A789-4CA0-A310-C0DFC4C68E60}.Release|iPhoneSimulator.Build.0 = Release|Any CPU
		{38FFD5B3-A789-4CA0-A310-C0DFC4C68E60}.Release|iPhoneSimulator.Deploy.0 = Release|Any CPU
		{38FFD5B3-A789-4CA0-A310-C0DFC4C68E60}.Release|x64.ActiveCfg = Release|Any CPU
		{38FFD5B3-A789-4CA0-A310-C0DFC4C68E60}.Release|x64.Build.0 = Release|Any CPU
		{38FFD5B3-A789-4CA0-A310-C0DFC4C68E60}.Release|x64.Deploy.0 = Release|Any CPU
		{38FFD5B3-A789-4CA0-A310-C0DFC4C68E60}.Release|x86.ActiveCfg = Release|Any CPU
		{38FFD5B3-A789-4CA0-A310-C0DFC4C68E60}.Release|x86.Build.0 = Release|Any CPU
		{38FFD5B3-A789-4CA0-A310-C0DFC4C68E60}.Release|x86.Deploy.0 = Release|Any CPU
		{4A30447A-D545-4582-8720-0F34F21043EF}.Debug|Any CPU.ActiveCfg = Debug|iPhone
		{4A30447A-D545-4582-8720-0F34F21043EF}.Debug|Any CPU.Build.0 = Debug|iPhone
		{4A30447A-D545-4582-8720-0F34F21043EF}.Debug|Any CPU.Deploy.0 = Debug|iPhone
		{4A30447A-D545-4582-8720-0F34F21043EF}.Debug|ARM.ActiveCfg = Debug|iPhoneSimulator
		{4A30447A-D545-4582-8720-0F34F21043EF}.Debug|ARM.Build.0 = Debug|iPhoneSimulator
		{4A30447A-D545-4582-8720-0F34F21043EF}.Debug|iPhone.ActiveCfg = Debug|iPhone
		{4A30447A-D545-4582-8720-0F34F21043EF}.Debug|iPhone.Build.0 = Debug|iPhone
		{4A30447A-D545-4582-8720-0F34F21043EF}.Debug|iPhone.Deploy.0 = Debug|iPhone
		{4A30447A-D545-4582-8720-0F34F21043EF}.Debug|iPhoneSimulator.ActiveCfg = Debug|iPhoneSimulator
		{4A30447A-D545-4582-8720-0F34F21043EF}.Debug|iPhoneSimulator.Build.0 = Debug|iPhoneSimulator
		{4A30447A-D545-4582-8720-0F34F21043EF}.Debug|iPhoneSimulator.Deploy.0 = Debug|iPhoneSimulator
		{4A30447A-D545-4582-8720-0F34F21043EF}.Debug|x64.ActiveCfg = Debug|iPhoneSimulator
		{4A30447A-D545-4582-8720-0F34F21043EF}.Debug|x64.Build.0 = Debug|iPhoneSimulator
		{4A30447A-D545-4582-8720-0F34F21043EF}.Debug|x86.ActiveCfg = Debug|iPhoneSimulator
		{4A30447A-D545-4582-8720-0F34F21043EF}.Debug|x86.Build.0 = Debug|iPhoneSimulator
		{4A30447A-D545-4582-8720-0F34F21043EF}.Release|Any CPU.ActiveCfg = Release|iPhoneSimulator
		{4A30447A-D545-4582-8720-0F34F21043EF}.Release|Any CPU.Build.0 = Release|iPhoneSimulator
		{4A30447A-D545-4582-8720-0F34F21043EF}.Release|Any CPU.Deploy.0 = Release|iPhoneSimulator
		{4A30447A-D545-4582-8720-0F34F21043EF}.Release|ARM.ActiveCfg = Release|iPhone
		{4A30447A-D545-4582-8720-0F34F21043EF}.Release|ARM.Build.0 = Release|iPhone
		{4A30447A-D545-4582-8720-0F34F21043EF}.Release|iPhone.ActiveCfg = Release|iPhone
		{4A30447A-D545-4582-8720-0F34F21043EF}.Release|iPhone.Build.0 = Release|iPhone
		{4A30447A-D545-4582-8720-0F34F21043EF}.Release|iPhone.Deploy.0 = Release|iPhone
		{4A30447A-D545-4582-8720-0F34F21043EF}.Release|iPhoneSimulator.ActiveCfg = Release|iPhoneSimulator
		{4A30447A-D545-4582-8720-0F34F21043EF}.Release|iPhoneSimulator.Build.0 = Release|iPhoneSimulator
		{4A30447A-D545-4582-8720-0F34F21043EF}.Release|iPhoneSimulator.Deploy.0 = Release|iPhoneSimulator
		{4A30447A-D545-4582-8720-0F34F21043EF}.Release|x64.ActiveCfg = Release|iPhone
		{4A30447A-D545-4582-8720-0F34F21043EF}.Release|x64.Build.0 = Release|iPhone
		{4A30447A-D545-4582-8720-0F34F21043EF}.Release|x86.ActiveCfg = Release|iPhone
		{4A30447A-D545-4582-8720-0F34F21043EF}.Release|x86.Build.0 = Release|iPhone
		{5F55B346-DABC-4520-A84E-5C166B5FE057}.Debug|Any CPU.ActiveCfg = Debug|x64
		{5F55B346-DABC-4520-A84E-5C166B5FE057}.Debug|Any CPU.Build.0 = Debug|x64
		{5F55B346-DABC-4520-A84E-5C166B5FE057}.Debug|Any CPU.Deploy.0 = Debug|x64
		{5F55B346-DABC-4520-A84E-5C166B5FE057}.Debug|ARM.ActiveCfg = Debug|ARM
		{5F55B346-DABC-4520-A84E-5C166B5FE057}.Debug|ARM.Build.0 = Debug|ARM
		{5F55B346-DABC-4520-A84E-5C166B5FE057}.Debug|ARM.Deploy.0 = Debug|ARM
		{5F55B346-DABC-4520-A84E-5C166B5FE057}.Debug|iPhone.ActiveCfg = Debug|x64
		{5F55B346-DABC-4520-A84E-5C166B5FE057}.Debug|iPhone.Build.0 = Debug|x64
		{5F55B346-DABC-4520-A84E-5C166B5FE057}.Debug|iPhone.Deploy.0 = Debug|x64
		{5F55B346-DABC-4520-A84E-5C166B5FE057}.Debug|iPhoneSimulator.ActiveCfg = Debug|x64
		{5F55B346-DABC-4520-A84E-5C166B5FE057}.Debug|iPhoneSimulator.Build.0 = Debug|x64
		{5F55B346-DABC-4520-A84E-5C166B5FE057}.Debug|iPhoneSimulator.Deploy.0 = Debug|x64
		{5F55B346-DABC-4520-A84E-5C166B5FE057}.Debug|x64.ActiveCfg = Debug|x64
		{5F55B346-DABC-4520-A84E-5C166B5FE057}.Debug|x64.Build.0 = Debug|x64
		{5F55B346-DABC-4520-A84E-5C166B5FE057}.Debug|x64.Deploy.0 = Debug|x64
		{5F55B346-DABC-4520-A84E-5C166B5FE057}.Debug|x86.ActiveCfg = Debug|x86
		{5F55B346-DABC-4520-A84E-5C166B5FE057}.Debug|x86.Build.0 = Debug|x86
		{5F55B346-DABC-4520-A84E-5C166B5FE057}.Debug|x86.Deploy.0 = Debug|x86
		{5F55B346-DABC-4520-A84E-5C166B5FE057}.Release|Any CPU.ActiveCfg = Release|x64
		{5F55B346-DABC-4520-A84E-5C166B5FE057}.Release|Any CPU.Build.0 = Release|x64
		{5F55B346-DABC-4520-A84E-5C166B5FE057}.Release|Any CPU.Deploy.0 = Release|x64
		{5F55B346-DABC-4520-A84E-5C166B5FE057}.Release|ARM.ActiveCfg = Release|ARM
		{5F55B346-DABC-4520-A84E-5C166B5FE057}.Release|ARM.Build.0 = Release|ARM
		{5F55B346-DABC-4520-A84E-5C166B5FE057}.Release|ARM.Deploy.0 = Release|ARM
		{5F55B346-DABC-4520-A84E-5C166B5FE057}.Release|iPhone.ActiveCfg = Release|x64
		{5F55B346-DABC-4520-A84E-5C166B5FE057}.Release|iPhone.Build.0 = Release|x64
		{5F55B346-DABC-4520-A84E-5C166B5FE057}.Release|iPhone.Deploy.0 = Release|x64
		{5F55B346-DABC-4520-A84E-5C166B5FE057}.Release|iPhoneSimulator.ActiveCfg = Release|x64
		{5F55B346-DABC-4520-A84E-5C166B5FE057}.Release|iPhoneSimulator.Build.0 = Release|x64
		{5F55B346-DABC-4520-A84E-5C166B5FE057}.Release|iPhoneSimulator.Deploy.0 = Release|x64
		{5F55B346-DABC-4520-A84E-5C166B5FE057}.Release|x64.ActiveCfg = Release|x64
		{5F55B346-DABC-4520-A84E-5C166B5FE057}.Release|x64.Build.0 = Release|x64
		{5F55B346-DABC-4520-A84E-5C166B5FE057}.Release|x64.Deploy.0 = Release|x64
		{5F55B346-DABC-4520-A84E-5C166B5FE057}.Release|x86.ActiveCfg = Release|x86
		{5F55B346-DABC-4520-A84E-5C166B5FE057}.Release|x86.Build.0 = Release|x86
		{5F55B346-DABC-4520-A84E-5C166B5FE057}.Release|x86.Deploy.0 = Release|x86
	EndGlobalSection
	GlobalSection(SolutionProperties) = preSolution
		HideSolutionNode = FALSE
	EndGlobalSection
	GlobalSection(ExtensibilityGlobals) = postSolution
		SolutionGuid = {79BFD1E3-CA47-40C1-8CAE-2B279720BFBC}
	EndGlobalSection
EndGlobal
